{
  "lockfile-version": 1,
  "manifest": {
    "schema-version": "1.13.0",
    "install": {
      "biome": {
        "pkg-path": "biome"
      },
      "eslint": {
        "pkg-path": "eslint"
      },
      "nodejs": {
        "pkg-path": "nodejs"
      },
      "npm": {
        "pkg-path": "nodePackages.npm"
      },
      "tsx": {
        "pkg-path": "tsx"
      },
      "typescript": {
        "pkg-path": "typescript"
      }
    },
    "hook": {},
    "profile": {},
    "options": {
      "systems": [
        "aarch64-darwin",
        "aarch64-linux",
        "x86_64-darwin",
        "x86_64-linux"
      ]
    }
  },
  "packages": [
    {
      "attr_path": "biome",
      "broken": false,
      "derivation": "/nix/store/48wczamvi48f7bsd9j4g62rybg34l89k-biome-2.0.0.drv",
      "description": "Toolchain of the web",
      "install_id": "biome",
      "license": "MIT",
      "locked_url": "https://github.com/flox/nixpkgs?rev=9807714d6944a957c2e036f84b0ff8caf9930bc0",
      "name": "biome-2.0.0",
      "pname": "biome",
      "rev": "9807714d6944a957c2e036f84b0ff8caf9930bc0",
      "rev_count": 826938,
      "rev_date": "2025-07-08T14:16:20Z",
      "scrape_date": "2025-07-10T05:14:30.222789Z",
      "stabilities": [
        "staging",
        "unstable"
      ],
      "unfree": false,
      "version": "2.0.0",
      "outputs_to_install": [
        "out"
      ],
      "outputs": {
        "out": "/nix/store/8s33yqc6l1pbn0n0g9vybspx5kigyfcs-biome-2.0.0"
      },
      "system": "aarch64-darwin",
      "group": "toplevel",
      "priority": 5
    },
    {
      "attr_path": "biome",
      "broken": false,
      "derivation": "/nix/store/dx5yj0r65qfdfq8v9mmqjdn22xdmshdh-biome-2.0.0.drv",
      "description": "Toolchain of the web",
      "install_id": "biome",
      "license": "MIT",
      "locked_url": "https://github.com/flox/nixpkgs?rev=9807714d6944a957c2e036f84b0ff8caf9930bc0",
      "name": "biome-2.0.0",
      "pname": "biome",
      "rev": "9807714d6944a957c2e036f84b0ff8caf9930bc0",
      "rev_count": 826938,
      "rev_date": "2025-07-08T14:16:20Z",
      "scrape_date": "2025-07-10T05:34:50.193543Z",
      "stabilities": [
        "staging",
        "unstable"
      ],
      "unfree": false,
      "version": "2.0.0",
      "outputs_to_install": [
        "out"
      ],
      "outputs": {
        "out": "/nix/store/90gkx9vkgripk2q3wwvv0zrqbr28793n-biome-2.0.0"
      },
      "system": "aarch64-linux",
      "group": "toplevel",
      "priority": 5
    },
    {
      "attr_path": "biome",
      "broken": false,
      "derivation": "/nix/store/5qn0a036c91wvgcj7dca2xi7126dfndf-biome-2.0.0.drv",
      "description": "Toolchain of the web",
      "install_id": "biome",
      "license": "MIT",
      "locked_url": "https://github.com/flox/nixpkgs?rev=9807714d6944a957c2e036f84b0ff8caf9930bc0",
      "name": "biome-2.0.0",
      "pname": "biome",
      "rev": "9807714d6944a957c2e036f84b0ff8caf9930bc0",
      "rev_count": 826938,
      "rev_date": "2025-07-08T14:16:20Z",
      "scrape_date": "2025-07-10T05:53:48.513119Z",
      "stabilities": [
        "staging",
        "unstable"
      ],
      "unfree": false,
      "version": "2.0.0",
      "outputs_to_install": [
        "out"
      ],
      "outputs": {
        "out": "/nix/store/mnf9qlkr2sqwd1pjpywi3rp1c0agshpk-biome-2.0.0"
      },
      "system": "x86_64-darwin",
      "group": "toplevel",
      "priority": 5
    },
    {
      "attr_path": "biome",
      "broken": false,
      "derivation": "/nix/store/f7bal2x920a1wzl3baicrqlfr25hjc59-biome-2.0.0.drv",
      "description": "Toolchain of the web",
      "install_id": "biome",
      "license": "MIT",
      "locked_url": "https://github.com/flox/nixpkgs?rev=9807714d6944a957c2e036f84b0ff8caf9930bc0",
      "name": "biome-2.0.0",
      "pname": "biome",
      "rev": "9807714d6944a957c2e036f84b0ff8caf9930bc0",
      "rev_count": 826938,
      "rev_date": "2025-07-08T14:16:20Z",
      "scrape_date": "2025-07-10T06:15:24.529814Z",
      "stabilities": [
        "staging",
        "unstable"
      ],
      "unfree": false,
      "version": "2.0.0",
      "outputs_to_install": [
        "out"
      ],
      "outputs": {
        "out": "/nix/store/4irxa81nk3clyf03fxz4yxczq4apc635-biome-2.0.0"
      },
      "system": "x86_64-linux",
      "group": "toplevel",
      "priority": 5
    },
    {
      "attr_path": "eslint",
      "broken": false,
      "derivation": "/nix/store/qwn7dn6a66mwc6s38hdk6nv7whc7930m-eslint-9.30.1.drv",
      "description": "Find and fix problems in your JavaScript code",
      "install_id": "eslint",
      "license": "MIT",
      "locked_url": "https://github.com/flox/nixpkgs?rev=9807714d6944a957c2e036f84b0ff8caf9930bc0",
      "name": "eslint-9.30.1",
      "pname": "eslint",
      "rev": "9807714d6944a957c2e036f84b0ff8caf9930bc0",
      "rev_count": 826938,
      "rev_date": "2025-07-08T14:16:20Z",
      "scrape_date": "2025-07-10T05:14:30.731091Z",
      "stabilities": [
        "staging",
        "unstable"
      ],
      "unfree": false,
      "version": "9.30.1",
      "outputs_to_install": [
        "out"
      ],
      "outputs": {
        "out": "/nix/store/hsyr57qc44afi1jsfs74qrbrg5g63rmd-eslint-9.30.1"
      },
      "system": "aarch64-darwin",
      "group": "toplevel",
      "priority": 5
    },
    {
      "attr_path": "eslint",
      "broken": false,
      "derivation": "/nix/store/vw9li3ndm3lj8wib3yyfbry2cn516idq-eslint-9.30.1.drv",
      "description": "Find and fix problems in your JavaScript code",
      "install_id": "eslint",
      "license": "MIT",
      "locked_url": "https://github.com/flox/nixpkgs?rev=9807714d6944a957c2e036f84b0ff8caf9930bc0",
      "name": "eslint-9.30.1",
      "pname": "eslint",
      "rev": "9807714d6944a957c2e036f84b0ff8caf9930bc0",
      "rev_count": 826938,
      "rev_date": "2025-07-08T14:16:20Z",
      "scrape_date": "2025-07-10T05:34:50.973384Z",
      "stabilities": [
        "staging",
        "unstable"
      ],
      "unfree": false,
      "version": "9.30.1",
      "outputs_to_install": [
        "out"
      ],
      "outputs": {
        "out": "/nix/store/66085vgv5zz310s6rbdplxf28viaqqj4-eslint-9.30.1"
      },
      "system": "aarch64-linux",
      "group": "toplevel",
      "priority": 5
    },
    {
      "attr_path": "eslint",
      "broken": false,
      "derivation": "/nix/store/p24jn07i9lps4lzb0ilm00qmmly1q3rf-eslint-9.30.1.drv",
      "description": "Find and fix problems in your JavaScript code",
      "install_id": "eslint",
      "license": "MIT",
      "locked_url": "https://github.com/flox/nixpkgs?rev=9807714d6944a957c2e036f84b0ff8caf9930bc0",
      "name": "eslint-9.30.1",
      "pname": "eslint",
      "rev": "9807714d6944a957c2e036f84b0ff8caf9930bc0",
      "rev_count": 826938,
      "rev_date": "2025-07-08T14:16:20Z",
      "scrape_date": "2025-07-10T05:53:49.007538Z",
      "stabilities": [
        "staging",
        "unstable"
      ],
      "unfree": false,
      "version": "9.30.1",
      "outputs_to_install": [
        "out"
      ],
      "outputs": {
        "out": "/nix/store/1caxcxxa2pva3a9admsf27544bvapmqy-eslint-9.30.1"
      },
      "system": "x86_64-darwin",
      "group": "toplevel",
      "priority": 5
    },
    {
      "attr_path": "eslint",
      "broken": false,
      "derivation": "/nix/store/5dsa09fhagf8nas0skh379cp685mnx0k-eslint-9.30.1.drv",
      "description": "Find and fix problems in your JavaScript code",
      "install_id": "eslint",
      "license": "MIT",
      "locked_url": "https://github.com/flox/nixpkgs?rev=9807714d6944a957c2e036f84b0ff8caf9930bc0",
      "name": "eslint-9.30.1",
      "pname": "eslint",
      "rev": "9807714d6944a957c2e036f84b0ff8caf9930bc0",
      "rev_count": 826938,
      "rev_date": "2025-07-08T14:16:20Z",
      "scrape_date": "2025-07-10T06:15:25.410626Z",
      "stabilities": [
        "staging",
        "unstable"
      ],
      "unfree": false,
      "version": "9.30.1",
      "outputs_to_install": [
        "out"
      ],
      "outputs": {
        "out": "/nix/store/44663j8i6h0qd7qyf9qmbqp4qiwqzakj-eslint-9.30.1"
      },
      "system": "x86_64-linux",
      "group": "toplevel",
      "priority": 5
    },
    {
      "attr_path": "nodejs",
      "broken": false,
      "derivation": "/nix/store/441r91a4dyq7kz1c4mnr1nzjzk1b2ira-nodejs-22.16.0.drv",
      "description": "Event-driven I/O framework for the V8 JavaScript engine",
      "install_id": "nodejs",
      "license": "MIT",
      "locked_url": "https://github.com/flox/nixpkgs?rev=9807714d6944a957c2e036f84b0ff8caf9930bc0",
      "name": "nodejs-22.16.0",
      "pname": "nodejs",
      "rev": "9807714d6944a957c2e036f84b0ff8caf9930bc0",
      "rev_count": 826938,
      "rev_date": "2025-07-08T14:16:20Z",
      "scrape_date": "2025-07-10T05:14:33.544214Z",
      "stabilities": [
        "staging",
        "unstable"
      ],
      "unfree": false,
      "version": "22.16.0",
      "outputs_to_install": [
        "out"
      ],
      "outputs": {
        "dev": "/nix/store/78lk3dc4gmcnzmxm4izkvbvr56jdz1x9-nodejs-22.16.0-dev",
        "libv8": "/nix/store/4fwln9knqmx59msrm0i5di5r7p18kf4p-nodejs-22.16.0-libv8",
        "out": "/nix/store/abxz7wpw5kwaijzzmf8rl4ga981vk8pc-nodejs-22.16.0"
      },
      "system": "aarch64-darwin",
      "group": "toplevel",
      "priority": 5
    },
    {
      "attr_path": "nodejs",
      "broken": false,
      "derivation": "/nix/store/7v7707mb89xi7ma04cw531xak1zwy22l-nodejs-22.16.0.drv",
      "description": "Event-driven I/O framework for the V8 JavaScript engine",
      "install_id": "nodejs",
      "license": "MIT",
      "locked_url": "https://github.com/flox/nixpkgs?rev=9807714d6944a957c2e036f84b0ff8caf9930bc0",
      "name": "nodejs-22.16.0",
      "pname": "nodejs",
      "rev": "9807714d6944a957c2e036f84b0ff8caf9930bc0",
      "rev_count": 826938,
      "rev_date": "2025-07-08T14:16:20Z",
      "scrape_date": "2025-07-10T05:35:00.656375Z",
      "stabilities": [
        "staging",
        "unstable"
      ],
      "unfree": false,
      "version": "22.16.0",
      "outputs_to_install": [
        "out"
      ],
      "outputs": {
        "dev": "/nix/store/sbp52l9kksr47xxkfvn8ap2lkygxj8sk-nodejs-22.16.0-dev",
        "libv8": "/nix/store/332a0dqmiqf32mjzs8j9bia9n6rlqmga-nodejs-22.16.0-libv8",
        "out": "/nix/store/jssj55ihylzsnzc83cybad4fgfs3bcny-nodejs-22.16.0"
      },
      "system": "aarch64-linux",
      "group": "toplevel",
      "priority": 5
    },
    {
      "attr_path": "nodejs",
      "broken": false,
      "derivation": "/nix/store/w8k8k5spym6yqia6xhf46ln6b07gpk62-nodejs-22.16.0.drv",
      "description": "Event-driven I/O framework for the V8 JavaScript engine",
      "install_id": "nodejs",
      "license": "MIT",
      "locked_url": "https://github.com/flox/nixpkgs?rev=9807714d6944a957c2e036f84b0ff8caf9930bc0",
      "name": "nodejs-22.16.0",
      "pname": "nodejs",
      "rev": "9807714d6944a957c2e036f84b0ff8caf9930bc0",
      "rev_count": 826938,
      "rev_date": "2025-07-08T14:16:20Z",
      "scrape_date": "2025-07-10T05:53:51.925800Z",
      "stabilities": [
        "staging",
        "unstable"
      ],
      "unfree": false,
      "version": "22.16.0",
      "outputs_to_install": [
        "out"
      ],
      "outputs": {
        "dev": "/nix/store/y48cb55420c58rfg54mh3rqiw2bfhdqs-nodejs-22.16.0-dev",
        "libv8": "/nix/store/qwmhg3jf6b7jzgnjjiw6v84fs9bakfps-nodejs-22.16.0-libv8",
        "out": "/nix/store/swzij8xmzv1c81rvhcf2fzlnarjpjcnb-nodejs-22.16.0"
      },
      "system": "x86_64-darwin",
      "group": "toplevel",
      "priority": 5
    },
    {
      "attr_path": "nodejs",
      "broken": false,
      "derivation": "/nix/store/rc4grl39rx1sp3fyf5wsmnp9ksa9a0v5-nodejs-22.16.0.drv",
      "description": "Event-driven I/O framework for the V8 JavaScript engine",
      "install_id": "nodejs",
      "license": "MIT",
      "locked_url": "https://github.com/flox/nixpkgs?rev=9807714d6944a957c2e036f84b0ff8caf9930bc0",
      "name": "nodejs-22.16.0",
      "pname": "nodejs",
      "rev": "9807714d6944a957c2e036f84b0ff8caf9930bc0",
      "rev_count": 826938,
      "rev_date": "2025-07-08T14:16:20Z",
      "scrape_date": "2025-07-10T06:15:37.077120Z",
      "stabilities": [
        "staging",
        "unstable"
      ],
      "unfree": false,
      "version": "22.16.0",
      "outputs_to_install": [
        "out"
      ],
      "outputs": {
        "dev": "/nix/store/f4mwqm5lg34430cx759rpn2ibf652s8j-nodejs-22.16.0-dev",
        "libv8": "/nix/store/a6jybrxgmdpgy7kyxjh9sv97cp2xgw5h-nodejs-22.16.0-libv8",
        "out": "/nix/store/pjr8jcds298brhwy1d3rmym9vayxhbfs-nodejs-22.16.0"
      },
      "system": "x86_64-linux",
      "group": "toplevel",
      "priority": 5
    },
    {
      "attr_path": "nodePackages.npm",
      "broken": false,
      "derivation": "/nix/store/441r91a4dyq7kz1c4mnr1nzjzk1b2ira-nodejs-22.16.0.drv",
      "description": "Event-driven I/O framework for the V8 JavaScript engine",
      "install_id": "npm",
      "license": "MIT",
      "locked_url": "https://github.com/flox/nixpkgs?rev=9807714d6944a957c2e036f84b0ff8caf9930bc0",
      "name": "nodejs-22.16.0",
      "pname": "npm",
      "rev": "9807714d6944a957c2e036f84b0ff8caf9930bc0",
      "rev_count": 826938,
      "rev_date": "2025-07-08T14:16:20Z",
      "scrape_date": "2025-07-10T05:15:37.247298Z",
      "stabilities": [
        "staging",
        "unstable"
      ],
      "unfree": false,
      "version": "22.16.0",
      "outputs_to_install": [
        "out"
      ],
      "outputs": {
        "dev": "/nix/store/78lk3dc4gmcnzmxm4izkvbvr56jdz1x9-nodejs-22.16.0-dev",
        "libv8": "/nix/store/4fwln9knqmx59msrm0i5di5r7p18kf4p-nodejs-22.16.0-libv8",
        "out": "/nix/store/abxz7wpw5kwaijzzmf8rl4ga981vk8pc-nodejs-22.16.0"
      },
      "system": "aarch64-darwin",
      "group": "toplevel",
      "priority": 5
    },
    {
      "attr_path": "nodePackages.npm",
      "broken": false,
      "derivation": "/nix/store/7v7707mb89xi7ma04cw531xak1zwy22l-nodejs-22.16.0.drv",
      "description": "Event-driven I/O framework for the V8 JavaScript engine",
      "install_id": "npm",
      "license": "MIT",
      "locked_url": "https://github.com/flox/nixpkgs?rev=9807714d6944a957c2e036f84b0ff8caf9930bc0",
      "name": "nodejs-22.16.0",
      "pname": "npm",
      "rev": "9807714d6944a957c2e036f84b0ff8caf9930bc0",
      "rev_count": 826938,
      "rev_date": "2025-07-08T14:16:20Z",
      "scrape_date": "2025-07-10T05:36:32.442996Z",
      "stabilities": [
        "staging",
        "unstable"
      ],
      "unfree": false,
      "version": "22.16.0",
      "outputs_to_install": [
        "out"
      ],
      "outputs": {
        "dev": "/nix/store/sbp52l9kksr47xxkfvn8ap2lkygxj8sk-nodejs-22.16.0-dev",
        "libv8": "/nix/store/332a0dqmiqf32mjzs8j9bia9n6rlqmga-nodejs-22.16.0-libv8",
        "out": "/nix/store/jssj55ihylzsnzc83cybad4fgfs3bcny-nodejs-22.16.0"
      },
      "system": "aarch64-linux",
      "group": "toplevel",
      "priority": 5
    },
    {
      "attr_path": "nodePackages.npm",
      "broken": false,
      "derivation": "/nix/store/w8k8k5spym6yqia6xhf46ln6b07gpk62-nodejs-22.16.0.drv",
      "description": "Event-driven I/O framework for the V8 JavaScript engine",
      "install_id": "npm",
      "license": "MIT",
      "locked_url": "https://github.com/flox/nixpkgs?rev=9807714d6944a957c2e036f84b0ff8caf9930bc0",
      "name": "nodejs-22.16.0",
      "pname": "npm",
      "rev": "9807714d6944a957c2e036f84b0ff8caf9930bc0",
      "rev_count": 826938,
      "rev_date": "2025-07-08T14:16:20Z",
      "scrape_date": "2025-07-10T05:54:56.310643Z",
      "stabilities": [
        "staging",
        "unstable"
      ],
      "unfree": false,
      "version": "22.16.0",
      "outputs_to_install": [
        "out"
      ],
      "outputs": {
        "dev": "/nix/store/y48cb55420c58rfg54mh3rqiw2bfhdqs-nodejs-22.16.0-dev",
        "libv8": "/nix/store/qwmhg3jf6b7jzgnjjiw6v84fs9bakfps-nodejs-22.16.0-libv8",
        "out": "/nix/store/swzij8xmzv1c81rvhcf2fzlnarjpjcnb-nodejs-22.16.0"
      },
      "system": "x86_64-darwin",
      "group": "toplevel",
      "priority": 5
    },
    {
      "attr_path": "nodePackages.npm",
      "broken": false,
      "derivation": "/nix/store/rc4grl39rx1sp3fyf5wsmnp9ksa9a0v5-nodejs-22.16.0.drv",
      "description": "Event-driven I/O framework for the V8 JavaScript engine",
      "install_id": "npm",
      "license": "MIT",
      "locked_url": "https://github.com/flox/nixpkgs?rev=9807714d6944a957c2e036f84b0ff8caf9930bc0",
      "name": "nodejs-22.16.0",
      "pname": "npm",
      "rev": "9807714d6944a957c2e036f84b0ff8caf9930bc0",
      "rev_count": 826938,
      "rev_date": "2025-07-08T14:16:20Z",
      "scrape_date": "2025-07-10T06:17:17.287783Z",
      "stabilities": [
        "staging",
        "unstable"
      ],
      "unfree": false,
      "version": "22.16.0",
      "outputs_to_install": [
        "out"
      ],
      "outputs": {
        "dev": "/nix/store/f4mwqm5lg34430cx759rpn2ibf652s8j-nodejs-22.16.0-dev",
        "libv8": "/nix/store/a6jybrxgmdpgy7kyxjh9sv97cp2xgw5h-nodejs-22.16.0-libv8",
        "out": "/nix/store/pjr8jcds298brhwy1d3rmym9vayxhbfs-nodejs-22.16.0"
      },
      "system": "x86_64-linux",
      "group": "toplevel",
      "priority": 5
    },
    {
      "attr_path": "tsx",
      "broken": false,
      "derivation": "/nix/store/c68x4l0sr35q4gzw4c7jr2m6qgqlxpn2-tsx-4.19.3.drv",
      "description": "TypeScript Execute (tsx): The easiest way to run TypeScript in Node.js",
      "install_id": "tsx",
      "license": "MIT",
      "locked_url": "https://github.com/flox/nixpkgs?rev=9807714d6944a957c2e036f84b0ff8caf9930bc0",
      "name": "tsx-4.19.3",
      "pname": "tsx",
      "rev": "9807714d6944a957c2e036f84b0ff8caf9930bc0",
      "rev_count": 826938,
      "rev_date": "2025-07-08T14:16:20Z",
      "scrape_date": "2025-07-10T05:15:22.755091Z",
      "stabilities": [
        "staging",
        "unstable"
      ],
      "unfree": false,
      "version": "4.19.3",
      "outputs_to_install": [
        "out"
      ],
      "outputs": {
        "out": "/nix/store/k41mxbmfxbsv1alqv7ibkq64003b0j09-tsx-4.19.3"
      },
      "system": "aarch64-darwin",
      "group": "toplevel",
      "priority": 5
    },
    {
      "attr_path": "tsx",
      "broken": false,
      "derivation": "/nix/store/0dq3h307zj85l5w2dmwsp6ggxqa4kivg-tsx-4.19.3.drv",
      "description": "TypeScript Execute (tsx): The easiest way to run TypeScript in Node.js",
      "install_id": "tsx",
      "license": "MIT",
      "locked_url": "https://github.com/flox/nixpkgs?rev=9807714d6944a957c2e036f84b0ff8caf9930bc0",
      "name": "tsx-4.19.3",
      "pname": "tsx",
      "rev": "9807714d6944a957c2e036f84b0ff8caf9930bc0",
      "rev_count": 826938,
      "rev_date": "2025-07-08T14:16:20Z",
      "scrape_date": "2025-07-10T05:36:12.147545Z",
      "stabilities": [
        "staging",
        "unstable"
      ],
      "unfree": false,
      "version": "4.19.3",
      "outputs_to_install": [
        "out"
      ],
      "outputs": {
        "out": "/nix/store/czxv0q2rbr5slz8g46y4g20bjvn4h5cf-tsx-4.19.3"
      },
      "system": "aarch64-linux",
      "group": "toplevel",
      "priority": 5
    },
    {
      "attr_path": "tsx",
      "broken": false,
      "derivation": "/nix/store/j94z8cldrm4zdjss2h4s05jp3qwgla50-tsx-4.19.3.drv",
      "description": "TypeScript Execute (tsx): The easiest way to run TypeScript in Node.js",
      "install_id": "tsx",
      "license": "MIT",
      "locked_url": "https://github.com/flox/nixpkgs?rev=9807714d6944a957c2e036f84b0ff8caf9930bc0",
      "name": "tsx-4.19.3",
      "pname": "tsx",
      "rev": "9807714d6944a957c2e036f84b0ff8caf9930bc0",
      "rev_count": 826938,
      "rev_date": "2025-07-08T14:16:20Z",
      "scrape_date": "2025-07-10T05:54:41.565599Z",
      "stabilities": [
        "staging",
        "unstable"
      ],
      "unfree": false,
      "version": "4.19.3",
      "outputs_to_install": [
        "out"
      ],
      "outputs": {
        "out": "/nix/store/k0v3hi4037j3f2s4ilb7fglsja2c82yr-tsx-4.19.3"
      },
      "system": "x86_64-darwin",
      "group": "toplevel",
      "priority": 5
    },
    {
      "attr_path": "tsx",
      "broken": false,
      "derivation": "/nix/store/k8myfvgpjji6mq48rmrzlk45frwfbp1y-tsx-4.19.3.drv",
      "description": "TypeScript Execute (tsx): The easiest way to run TypeScript in Node.js",
      "install_id": "tsx",
      "license": "MIT",
      "locked_url": "https://github.com/flox/nixpkgs?rev=9807714d6944a957c2e036f84b0ff8caf9930bc0",
      "name": "tsx-4.19.3",
      "pname": "tsx",
      "rev": "9807714d6944a957c2e036f84b0ff8caf9930bc0",
      "rev_count": 826938,
      "rev_date": "2025-07-08T14:16:20Z",
      "scrape_date": "2025-07-10T06:16:55.185319Z",
      "stabilities": [
        "staging",
        "unstable"
      ],
      "unfree": false,
      "version": "4.19.3",
      "outputs_to_install": [
        "out"
      ],
      "outputs": {
        "out": "/nix/store/hy643d1km453dsbwnwy9vb5jvldgp06n-tsx-4.19.3"
      },
      "system": "x86_64-linux",
      "group": "toplevel",
      "priority": 5
    },
    {
      "attr_path": "typescript",
      "broken": false,
      "derivation": "/nix/store/frjirjif0cc2qc9gm0an5g2ffbxcqlla-typescript-5.8.3.drv",
      "description": "Superset of JavaScript that compiles to clean JavaScript output",
      "install_id": "typescript",
      "license": "Apache-2.0",
      "locked_url": "https://github.com/flox/nixpkgs?rev=9807714d6944a957c2e036f84b0ff8caf9930bc0",
      "name": "typescript-5.8.3",
      "pname": "typescript",
      "rev": "9807714d6944a957c2e036f84b0ff8caf9930bc0",
      "rev_count": 826938,
      "rev_date": "2025-07-08T14:16:20Z",
      "scrape_date": "2025-07-10T05:15:22.934370Z",
      "stabilities": [
        "staging",
        "unstable"
      ],
      "unfree": false,
      "version": "5.8.3",
      "outputs_to_install": [
        "out"
      ],
      "outputs": {
        "out": "/nix/store/bzcr2mprhck3nbyw82rywdh785di9v3c-typescript-5.8.3"
      },
      "system": "aarch64-darwin",
      "group": "toplevel",
      "priority": 5
    },
    {
      "attr_path": "typescript",
      "broken": false,
      "derivation": "/nix/store/h2pbq6mr49969kzqqz0xmwgajr4p308y-typescript-5.8.3.drv",
      "description": "Superset of JavaScript that compiles to clean JavaScript output",
      "install_id": "typescript",
      "license": "Apache-2.0",
      "locked_url": "https://github.com/flox/nixpkgs?rev=9807714d6944a957c2e036f84b0ff8caf9930bc0",
      "name": "typescript-5.8.3",
      "pname": "typescript",
      "rev": "9807714d6944a957c2e036f84b0ff8caf9930bc0",
      "rev_count": 826938,
      "rev_date": "2025-07-08T14:16:20Z",
      "scrape_date": "2025-07-10T05:36:12.444183Z",
      "stabilities": [
        "staging",
        "unstable"
      ],
      "unfree": false,
      "version": "5.8.3",
      "outputs_to_install": [
        "out"
      ],
      "outputs": {
        "out": "/nix/store/88n44yvzpcpixj0mr7b87x58r495ib9z-typescript-5.8.3"
      },
      "system": "aarch64-linux",
      "group": "toplevel",
      "priority": 5
    },
    {
      "attr_path": "typescript",
      "broken": false,
      "derivation": "/nix/store/h1fli85n52m2bsrb67bc9i52wzw56myc-typescript-5.8.3.drv",
      "description": "Superset of JavaScript that compiles to clean JavaScript output",
      "install_id": "typescript",
      "license": "Apache-2.0",
      "locked_url": "https://github.com/flox/nixpkgs?rev=9807714d6944a957c2e036f84b0ff8caf9930bc0",
      "name": "typescript-5.8.3",
      "pname": "typescript",
      "rev": "9807714d6944a957c2e036f84b0ff8caf9930bc0",
      "rev_count": 826938,
      "rev_date": "2025-07-08T14:16:20Z",
      "scrape_date": "2025-07-10T05:54:41.747119Z",
      "stabilities": [
        "staging",
        "unstable"
      ],
      "unfree": false,
      "version": "5.8.3",
      "outputs_to_install": [
        "out"
      ],
      "outputs": {
        "out": "/nix/store/aqrzjp05fncc3zxwpiq9gvcawadjrqzc-typescript-5.8.3"
      },
      "system": "x86_64-darwin",
      "group": "toplevel",
      "priority": 5
    },
    {
      "attr_path": "typescript",
      "broken": false,
      "derivation": "/nix/store/wn8bxf803bwm5mwzwg6dl151dv50qqz5-typescript-5.8.3.drv",
      "description": "Superset of JavaScript that compiles to clean JavaScript output",
      "install_id": "typescript",
      "license": "Apache-2.0",
      "locked_url": "https://github.com/flox/nixpkgs?rev=9807714d6944a957c2e036f84b0ff8caf9930bc0",
      "name": "typescript-5.8.3",
      "pname": "typescript",
      "rev": "9807714d6944a957c2e036f84b0ff8caf9930bc0",
      "rev_count": 826938,
      "rev_date": "2025-07-08T14:16:20Z",
      "scrape_date": "2025-07-10T06:16:55.515595Z",
      "stabilities": [
        "staging",
        "unstable"
      ],
      "unfree": false,
      "version": "5.8.3",
      "outputs_to_install": [
        "out"
      ],
      "outputs": {
        "out": "/nix/store/hl69bzlr5ijvsvjcc1z24qrkxs4xdlyp-typescript-5.8.3"
      },
      "system": "x86_64-linux",
      "group": "toplevel",
      "priority": 5
    }
  ]
}
