{
  "lockfile-version": 1,
  "manifest": {
    "schema-version": "1.13.0",
    "install": {
      "mypy": {
        "pkg-path": "mypy"
      },
      "pre-commit": {
        "pkg-path": "pre-commit"
      },
      "pyright": {
        "pkg-path": "pyright"
      },
      "pytest": {
        "pkg-path": "python312Packages.pytest"
      },
      "python3": {
        "pkg-path": "python3"
      },
      "ruff": {
        "pkg-path": "ruff"
      },
      "uv": {
        "pkg-path": "uv"
      }
    },
    "hook": {},
    "profile": {},
    "options": {
      "systems": [
        "aarch64-darwin",
        "aarch64-linux",
        "x86_64-darwin",
        "x86_64-linux"
      ]
    }
  },
  "packages": [
    {
      "attr_path": "mypy",
      "broken": false,
      "derivation": "/nix/store/66aqjmdyiwwd1i527isxv4gjn1xffh1b-python3.13-mypy-1.17.1.drv",
      "description": "Optional static typing for Python",
      "install_id": "mypy",
      "license": "MIT",
      "locked_url": "https://github.com/flox/nixpkgs?rev=3e2499d5539c16d0d173ba53552a4ff8547f4539",
      "name": "mypy-1.17.1",
      "pname": "mypy",
      "rev": "3e2499d5539c16d0d173ba53552a4ff8547f4539",
      "rev_count": 916364,
      "rev_date": "2025-12-25T08:32:45Z",
      "scrape_date": "2025-12-26T03:02:51.463249Z",
      "stabilities": [
        "stable",
        "staging",
        "unstable"
      ],
      "unfree": false,
      "version": "1.17.1",
      "outputs_to_install": [
        "out"
      ],
      "outputs": {
        "dist": "/nix/store/205vl87qrmvn1b26slrq30aaz8yrvxca-python3.13-mypy-1.17.1-dist",
        "out": "/nix/store/bsjacn6m6dxccj27h8sxh9p3ndb46kv8-python3.13-mypy-1.17.1"
      },
      "system": "aarch64-darwin",
      "group": "toplevel",
      "priority": 5
    },
    {
      "attr_path": "mypy",
      "broken": false,
      "derivation": "/nix/store/0xx300ijg6s440gr5x0n4fbgaydbi0ky-python3.13-mypy-1.17.1.drv",
      "description": "Optional static typing for Python",
      "install_id": "mypy",
      "license": "MIT",
      "locked_url": "https://github.com/flox/nixpkgs?rev=3e2499d5539c16d0d173ba53552a4ff8547f4539",
      "name": "mypy-1.17.1",
      "pname": "mypy",
      "rev": "3e2499d5539c16d0d173ba53552a4ff8547f4539",
      "rev_count": 916364,
      "rev_date": "2025-12-25T08:32:45Z",
      "scrape_date": "2025-12-26T03:19:25.443454Z",
      "stabilities": [
        "stable",
        "staging",
        "unstable"
      ],
      "unfree": false,
      "version": "1.17.1",
      "outputs_to_install": [
        "out"
      ],
      "outputs": {
        "dist": "/nix/store/4z4yscsjcw8gd9ywf3sddcv1ykp6y09z-python3.13-mypy-1.17.1-dist",
        "out": "/nix/store/qzr691hc32nkwyqdl38m9wcya2s60xkj-python3.13-mypy-1.17.1"
      },
      "system": "aarch64-linux",
      "group": "toplevel",
      "priority": 5
    },
    {
      "attr_path": "mypy",
      "broken": false,
      "derivation": "/nix/store/vbbzwd5884mag6p934hab3h88f4ddv8n-python3.13-mypy-1.17.1.drv",
      "description": "Optional static typing for Python",
      "install_id": "mypy",
      "license": "MIT",
      "locked_url": "https://github.com/flox/nixpkgs?rev=3e2499d5539c16d0d173ba53552a4ff8547f4539",
      "name": "mypy-1.17.1",
      "pname": "mypy",
      "rev": "3e2499d5539c16d0d173ba53552a4ff8547f4539",
      "rev_count": 916364,
      "rev_date": "2025-12-25T08:32:45Z",
      "scrape_date": "2025-12-26T03:35:18.004082Z",
      "stabilities": [
        "stable",
        "staging",
        "unstable"
      ],
      "unfree": false,
      "version": "1.17.1",
      "outputs_to_install": [
        "out"
      ],
      "outputs": {
        "dist": "/nix/store/7ijfdz0n3xcb8rf714r5kkia4s4a123d-python3.13-mypy-1.17.1-dist",
        "out": "/nix/store/7z2bxpmvj4mqq8n0h8a6xjzyf3rqq947-python3.13-mypy-1.17.1"
      },
      "system": "x86_64-darwin",
      "group": "toplevel",
      "priority": 5
    },
    {
      "attr_path": "mypy",
      "broken": false,
      "derivation": "/nix/store/dfmynw6l448ab1v62scm04zyb04n1qwl-python3.13-mypy-1.17.1.drv",
      "description": "Optional static typing for Python",
      "install_id": "mypy",
      "license": "MIT",
      "locked_url": "https://github.com/flox/nixpkgs?rev=3e2499d5539c16d0d173ba53552a4ff8547f4539",
      "name": "mypy-1.17.1",
      "pname": "mypy",
      "rev": "3e2499d5539c16d0d173ba53552a4ff8547f4539",
      "rev_count": 916364,
      "rev_date": "2025-12-25T08:32:45Z",
      "scrape_date": "2025-12-26T03:51:43.795042Z",
      "stabilities": [
        "stable",
        "staging",
        "unstable"
      ],
      "unfree": false,
      "version": "1.17.1",
      "outputs_to_install": [
        "out"
      ],
      "outputs": {
        "dist": "/nix/store/b00cjdyg4x4hdi6hizh5bix1vq08k6l5-python3.13-mypy-1.17.1-dist",
        "out": "/nix/store/9c86vkfs0idys4vhp35bjvz276g0mfmc-python3.13-mypy-1.17.1"
      },
      "system": "x86_64-linux",
      "group": "toplevel",
      "priority": 5
    },
    {
      "attr_path": "pre-commit",
      "broken": false,
      "derivation": "/nix/store/frwz418q4gwxb460n4n2h9da2jlbwqbs-pre-commit-4.5.1.drv",
      "description": "Framework for managing and maintaining multi-language pre-commit hooks",
      "install_id": "pre-commit",
      "license": "MIT",
      "locked_url": "https://github.com/flox/nixpkgs?rev=3e2499d5539c16d0d173ba53552a4ff8547f4539",
      "name": "pre-commit-4.5.1",
      "pname": "pre-commit",
      "rev": "3e2499d5539c16d0d173ba53552a4ff8547f4539",
      "rev_count": 916364,
      "rev_date": "2025-12-25T08:32:45Z",
      "scrape_date": "2025-12-26T03:03:09.007808Z",
      "stabilities": [
        "stable",
        "staging",
        "unstable"
      ],
      "unfree": false,
      "version": "4.5.1",
      "outputs_to_install": [
        "out"
      ],
      "outputs": {
        "dist": "/nix/store/93pci74s78ys6kl0wkngbya11lc8w0wk-pre-commit-4.5.1-dist",
        "out": "/nix/store/yagix71f4isji0myf607lg6fnp2v8pzd-pre-commit-4.5.1"
      },
      "system": "aarch64-darwin",
      "group": "toplevel",
      "priority": 5
    },
    {
      "attr_path": "pre-commit",
      "broken": false,
      "derivation": "/nix/store/fvdgqlznq5rcazwzwxrahl7i7p9739nk-pre-commit-4.5.1.drv",
      "description": "Framework for managing and maintaining multi-language pre-commit hooks",
      "install_id": "pre-commit",
      "license": "MIT",
      "locked_url": "https://github.com/flox/nixpkgs?rev=3e2499d5539c16d0d173ba53552a4ff8547f4539",
      "name": "pre-commit-4.5.1",
      "pname": "pre-commit",
      "rev": "3e2499d5539c16d0d173ba53552a4ff8547f4539",
      "rev_count": 916364,
      "rev_date": "2025-12-25T08:32:45Z",
      "scrape_date": "2025-12-26T03:19:48.068216Z",
      "stabilities": [
        "stable",
        "staging",
        "unstable"
      ],
      "unfree": false,
      "version": "4.5.1",
      "outputs_to_install": [
        "out"
      ],
      "outputs": {
        "dist": "/nix/store/kfy8345gm5xcc5dlygg2zfyd0w462242-pre-commit-4.5.1-dist",
        "out": "/nix/store/ilrpcyddb85m5gy62l4rvsfb7s7dhrd7-pre-commit-4.5.1"
      },
      "system": "aarch64-linux",
      "group": "toplevel",
      "priority": 5
    },
    {
      "attr_path": "pre-commit",
      "broken": false,
      "derivation": "/nix/store/s9zy5r3acx9qfz87f1xyr2spkklzphrh-pre-commit-4.5.1.drv",
      "description": "Framework for managing and maintaining multi-language pre-commit hooks",
      "install_id": "pre-commit",
      "license": "MIT",
      "locked_url": "https://github.com/flox/nixpkgs?rev=3e2499d5539c16d0d173ba53552a4ff8547f4539",
      "name": "pre-commit-4.5.1",
      "pname": "pre-commit",
      "rev": "3e2499d5539c16d0d173ba53552a4ff8547f4539",
      "rev_count": 916364,
      "rev_date": "2025-12-25T08:32:45Z",
      "scrape_date": "2025-12-26T03:35:34.343826Z",
      "stabilities": [
        "stable",
        "staging",
        "unstable"
      ],
      "unfree": false,
      "version": "4.5.1",
      "outputs_to_install": [
        "out"
      ],
      "outputs": {
        "dist": "/nix/store/8wqpnr6yvlzas2yssl4icvsyslk82b78-pre-commit-4.5.1-dist",
        "out": "/nix/store/7dxds9ch0bnmadp07ppzyrlw0wxmihsl-pre-commit-4.5.1"
      },
      "system": "x86_64-darwin",
      "group": "toplevel",
      "priority": 5
    },
    {
      "attr_path": "pre-commit",
      "broken": false,
      "derivation": "/nix/store/7npc6p571h8rg65jpnjhvn9ad9g5sfhn-pre-commit-4.5.1.drv",
      "description": "Framework for managing and maintaining multi-language pre-commit hooks",
      "install_id": "pre-commit",
      "license": "MIT",
      "locked_url": "https://github.com/flox/nixpkgs?rev=3e2499d5539c16d0d173ba53552a4ff8547f4539",
      "name": "pre-commit-4.5.1",
      "pname": "pre-commit",
      "rev": "3e2499d5539c16d0d173ba53552a4ff8547f4539",
      "rev_count": 916364,
      "rev_date": "2025-12-25T08:32:45Z",
      "scrape_date": "2025-12-26T03:52:07.766087Z",
      "stabilities": [
        "stable",
        "staging",
        "unstable"
      ],
      "unfree": false,
      "version": "4.5.1",
      "outputs_to_install": [
        "out"
      ],
      "outputs": {
        "dist": "/nix/store/1bljyj2nkv05jm4q84rj6fbr4zc1q26p-pre-commit-4.5.1-dist",
        "out": "/nix/store/nq4n5yd6paaqc8hm1f54g9lsz87zpwzm-pre-commit-4.5.1"
      },
      "system": "x86_64-linux",
      "group": "toplevel",
      "priority": 5
    },
    {
      "attr_path": "pyright",
      "broken": false,
      "derivation": "/nix/store/r6m7zx4b7svh5chr8mv59ddra45aq0a1-pyright-1.1.407.drv",
      "description": "Type checker for the Python language",
      "install_id": "pyright",
      "license": "MIT",
      "locked_url": "https://github.com/flox/nixpkgs?rev=3e2499d5539c16d0d173ba53552a4ff8547f4539",
      "name": "pyright-1.1.407",
      "pname": "pyright",
      "rev": "3e2499d5539c16d0d173ba53552a4ff8547f4539",
      "rev_count": 916364,
      "rev_date": "2025-12-25T08:32:45Z",
      "scrape_date": "2025-12-26T03:03:09.767742Z",
      "stabilities": [
        "stable",
        "staging",
        "unstable"
      ],
      "unfree": false,
      "version": "1.1.407",
      "outputs_to_install": [
        "out"
      ],
      "outputs": {
        "out": "/nix/store/6y3ljxzzxl5x1g2gxg01rwhfl2y8sfps-pyright-1.1.407"
      },
      "system": "aarch64-darwin",
      "group": "toplevel",
      "priority": 5
    },
    {
      "attr_path": "pyright",
      "broken": false,
      "derivation": "/nix/store/h6q27q81hbyi954w2bs1dh6yj9gn8ax7-pyright-1.1.407.drv",
      "description": "Type checker for the Python language",
      "install_id": "pyright",
      "license": "MIT",
      "locked_url": "https://github.com/flox/nixpkgs?rev=3e2499d5539c16d0d173ba53552a4ff8547f4539",
      "name": "pyright-1.1.407",
      "pname": "pyright",
      "rev": "3e2499d5539c16d0d173ba53552a4ff8547f4539",
      "rev_count": 916364,
      "rev_date": "2025-12-25T08:32:45Z",
      "scrape_date": "2025-12-26T03:19:49.105573Z",
      "stabilities": [
        "stable",
        "staging",
        "unstable"
      ],
      "unfree": false,
      "version": "1.1.407",
      "outputs_to_install": [
        "out"
      ],
      "outputs": {
        "out": "/nix/store/zzh0dhwjkjf9gkpazrg1p5ix17i2ir59-pyright-1.1.407"
      },
      "system": "aarch64-linux",
      "group": "toplevel",
      "priority": 5
    },
    {
      "attr_path": "pyright",
      "broken": false,
      "derivation": "/nix/store/png1asa5nn6m49kvc56vq0m14gi5yvyb-pyright-1.1.407.drv",
      "description": "Type checker for the Python language",
      "install_id": "pyright",
      "license": "MIT",
      "locked_url": "https://github.com/flox/nixpkgs?rev=3e2499d5539c16d0d173ba53552a4ff8547f4539",
      "name": "pyright-1.1.407",
      "pname": "pyright",
      "rev": "3e2499d5539c16d0d173ba53552a4ff8547f4539",
      "rev_count": 916364,
      "rev_date": "2025-12-25T08:32:45Z",
      "scrape_date": "2025-12-26T03:35:35.027873Z",
      "stabilities": [
        "stable",
        "staging",
        "unstable"
      ],
      "unfree": false,
      "version": "1.1.407",
      "outputs_to_install": [
        "out"
      ],
      "outputs": {
        "out": "/nix/store/qqnlmc0hnpj98gxbs9naaij60mlhwpmq-pyright-1.1.407"
      },
      "system": "x86_64-darwin",
      "group": "toplevel",
      "priority": 5
    },
    {
      "attr_path": "pyright",
      "broken": false,
      "derivation": "/nix/store/649sgphhm9b2vdb70im7c3sq5qbxlf6y-pyright-1.1.407.drv",
      "description": "Type checker for the Python language",
      "install_id": "pyright",
      "license": "MIT",
      "locked_url": "https://github.com/flox/nixpkgs?rev=3e2499d5539c16d0d173ba53552a4ff8547f4539",
      "name": "pyright-1.1.407",
      "pname": "pyright",
      "rev": "3e2499d5539c16d0d173ba53552a4ff8547f4539",
      "rev_count": 916364,
      "rev_date": "2025-12-25T08:32:45Z",
      "scrape_date": "2025-12-26T03:52:08.907028Z",
      "stabilities": [
        "stable",
        "staging",
        "unstable"
      ],
      "unfree": false,
      "version": "1.1.407",
      "outputs_to_install": [
        "out"
      ],
      "outputs": {
        "out": "/nix/store/8ymv0fhfamr464xfcggyn8v3kn1xi1fk-pyright-1.1.407"
      },
      "system": "x86_64-linux",
      "group": "toplevel",
      "priority": 5
    },
    {
      "attr_path": "python312Packages.pytest",
      "broken": false,
      "derivation": "/nix/store/r3qjgn5k43z3s8yqrqqr8bh7bllwnm05-python3.12-pytest-8.4.2.drv",
      "description": "Framework for writing tests",
      "install_id": "pytest",
      "license": "MIT",
      "locked_url": "https://github.com/flox/nixpkgs?rev=3e2499d5539c16d0d173ba53552a4ff8547f4539",
      "name": "python3.12-pytest-8.4.2",
      "pname": "pytest",
      "rev": "3e2499d5539c16d0d173ba53552a4ff8547f4539",
      "rev_count": 916364,
      "rev_date": "2025-12-25T08:32:45Z",
      "scrape_date": "2025-12-26T03:03:23.130957Z",
      "stabilities": [
        "stable",
        "staging",
        "unstable"
      ],
      "unfree": false,
      "version": "8.4.2",
      "outputs_to_install": [
        "out"
      ],
      "outputs": {
        "dist": "/nix/store/y4di7b7hxs3w1cl6yirw22pgli91lbgf-python3.12-pytest-8.4.2-dist",
        "out": "/nix/store/bdghf5p7l2mnv7wx6l6mz5x65mla7gvl-python3.12-pytest-8.4.2",
        "testout": "/nix/store/577r4ayhppxcqa9qcyigmsb07yrmp71l-python3.12-pytest-8.4.2-testout"
      },
      "system": "aarch64-darwin",
      "group": "toplevel",
      "priority": 5
    },
    {
      "attr_path": "python312Packages.pytest",
      "broken": false,
      "derivation": "/nix/store/ncfymyx8nvi9dgi3q23ng290rpjn4qbp-python3.12-pytest-8.4.2.drv",
      "description": "Framework for writing tests",
      "install_id": "pytest",
      "license": "MIT",
      "locked_url": "https://github.com/flox/nixpkgs?rev=3e2499d5539c16d0d173ba53552a4ff8547f4539",
      "name": "python3.12-pytest-8.4.2",
      "pname": "pytest",
      "rev": "3e2499d5539c16d0d173ba53552a4ff8547f4539",
      "rev_count": 916364,
      "rev_date": "2025-12-25T08:32:45Z",
      "scrape_date": "2025-12-26T03:20:05.017942Z",
      "stabilities": [
        "stable",
        "staging",
        "unstable"
      ],
      "unfree": false,
      "version": "8.4.2",
      "outputs_to_install": [
        "out"
      ],
      "outputs": {
        "dist": "/nix/store/6xn417h7pk4dfapdwi9qwmifpl9qxbks-python3.12-pytest-8.4.2-dist",
        "out": "/nix/store/qrali8ykpzbqfngwljmh6a14jdjpmb9n-python3.12-pytest-8.4.2",
        "testout": "/nix/store/0396d2cfv2fasar9pfvwlhw92aybfl9n-python3.12-pytest-8.4.2-testout"
      },
      "system": "aarch64-linux",
      "group": "toplevel",
      "priority": 5
    },
    {
      "attr_path": "python312Packages.pytest",
      "broken": false,
      "derivation": "/nix/store/kcp5w00njz604nnwkin59g5333160gj1-python3.12-pytest-8.4.2.drv",
      "description": "Framework for writing tests",
      "install_id": "pytest",
      "license": "MIT",
      "locked_url": "https://github.com/flox/nixpkgs?rev=3e2499d5539c16d0d173ba53552a4ff8547f4539",
      "name": "python3.12-pytest-8.4.2",
      "pname": "pytest",
      "rev": "3e2499d5539c16d0d173ba53552a4ff8547f4539",
      "rev_count": 916364,
      "rev_date": "2025-12-25T08:32:45Z",
      "scrape_date": "2025-12-26T03:35:47.380513Z",
      "stabilities": [
        "stable",
        "staging",
        "unstable"
      ],
      "unfree": false,
      "version": "8.4.2",
      "outputs_to_install": [
        "out"
      ],
      "outputs": {
        "dist": "/nix/store/fcb4z5rxn6fvcx08xz3cajzc8jz5b003-python3.12-pytest-8.4.2-dist",
        "out": "/nix/store/10qbm884hnign19j4zfaxwiyw1pf16kj-python3.12-pytest-8.4.2",
        "testout": "/nix/store/chbk60s103b7sniwk8r63qph39ss6s9b-python3.12-pytest-8.4.2-testout"
      },
      "system": "x86_64-darwin",
      "group": "toplevel",
      "priority": 5
    },
    {
      "attr_path": "python312Packages.pytest",
      "broken": false,
      "derivation": "/nix/store/zq7qw5pfp3pg89gnmpcb4ffqmba4rk6b-python3.12-pytest-8.4.2.drv",
      "description": "Framework for writing tests",
      "install_id": "pytest",
      "license": "MIT",
      "locked_url": "https://github.com/flox/nixpkgs?rev=3e2499d5539c16d0d173ba53552a4ff8547f4539",
      "name": "python3.12-pytest-8.4.2",
      "pname": "pytest",
      "rev": "3e2499d5539c16d0d173ba53552a4ff8547f4539",
      "rev_count": 916364,
      "rev_date": "2025-12-25T08:32:45Z",
      "scrape_date": "2025-12-26T03:52:25.355416Z",
      "stabilities": [
        "stable",
        "staging",
        "unstable"
      ],
      "unfree": false,
      "version": "8.4.2",
      "outputs_to_install": [
        "out",
        "out",
        "out"
      ],
      "outputs": {
        "dist": "/nix/store/16qx7v4mn09i0k549v86032hzj5r8nl8-python3.12-pytest-8.4.2-dist",
        "out": "/nix/store/psdyxmfqfgci9zg0jg2wd93dph86dmz8-python3.12-pytest-8.4.2",
        "testout": "/nix/store/cdqcj7rc4135zvfr2fns5b0nlrgbx6zv-python3.12-pytest-8.4.2-testout"
      },
      "system": "x86_64-linux",
      "group": "toplevel",
      "priority": 5
    },
    {
      "attr_path": "python3",
      "broken": false,
      "derivation": "/nix/store/vmp8yswlr13bi7kmqss8dy8cy9i58hc3-python3-3.13.9.drv",
      "description": "High-level dynamically-typed programming language",
      "install_id": "python3",
      "license": "Python-2.0",
      "locked_url": "https://github.com/flox/nixpkgs?rev=3e2499d5539c16d0d173ba53552a4ff8547f4539",
      "name": "python3-3.13.9",
      "pname": "python3",
      "rev": "3e2499d5539c16d0d173ba53552a4ff8547f4539",
      "rev_count": 916364,
      "rev_date": "2025-12-25T08:32:45Z",
      "scrape_date": "2025-12-26T03:03:09.797032Z",
      "stabilities": [
        "stable",
        "staging",
        "unstable"
      ],
      "unfree": false,
      "version": "3.13.9",
      "outputs_to_install": [
        "out",
        "out",
        "out",
        "out"
      ],
      "outputs": {
        "out": "/nix/store/xcjk9ill54kjk8mzgq6yydnx9015lidg-python3-3.13.9"
      },
      "system": "aarch64-darwin",
      "group": "toplevel",
      "priority": 5
    },
    {
      "attr_path": "python3",
      "broken": false,
      "derivation": "/nix/store/m27vvlr8cxnf0c2990f8f9zj9rwqq2f2-python3-3.13.9.drv",
      "description": "High-level dynamically-typed programming language",
      "install_id": "python3",
      "license": "Python-2.0",
      "locked_url": "https://github.com/flox/nixpkgs?rev=3e2499d5539c16d0d173ba53552a4ff8547f4539",
      "name": "python3-3.13.9",
      "pname": "python3",
      "rev": "3e2499d5539c16d0d173ba53552a4ff8547f4539",
      "rev_count": 916364,
      "rev_date": "2025-12-25T08:32:45Z",
      "scrape_date": "2025-12-26T03:19:49.141908Z",
      "stabilities": [
        "stable",
        "staging",
        "unstable"
      ],
      "unfree": false,
      "version": "3.13.9",
      "outputs_to_install": [
        "out",
        "out",
        "out",
        "out",
        "out"
      ],
      "outputs": {
        "debug": "/nix/store/zls66rgq3hk2i6xxf8cb8nx24b906jz2-python3-3.13.9-debug",
        "out": "/nix/store/zc0vzc0vp0amc9iqm3cd542bmim6vh09-python3-3.13.9"
      },
      "system": "aarch64-linux",
      "group": "toplevel",
      "priority": 5
    },
    {
      "attr_path": "python3",
      "broken": false,
      "derivation": "/nix/store/590gsqgpi0ar9fxlfxw2slax33w33f0w-python3-3.13.9.drv",
      "description": "High-level dynamically-typed programming language",
      "install_id": "python3",
      "license": "Python-2.0",
      "locked_url": "https://github.com/flox/nixpkgs?rev=3e2499d5539c16d0d173ba53552a4ff8547f4539",
      "name": "python3-3.13.9",
      "pname": "python3",
      "rev": "3e2499d5539c16d0d173ba53552a4ff8547f4539",
      "rev_count": 916364,
      "rev_date": "2025-12-25T08:32:45Z",
      "scrape_date": "2025-12-26T03:35:35.055058Z",
      "stabilities": [
        "stable",
        "staging",
        "unstable"
      ],
      "unfree": false,
      "version": "3.13.9",
      "outputs_to_install": [
        "out",
        "out"
      ],
      "outputs": {
        "out": "/nix/store/84s01mzl74vh69aphpl3rf07pp49pkz0-python3-3.13.9"
      },
      "system": "x86_64-darwin",
      "group": "toplevel",
      "priority": 5
    },
    {
      "attr_path": "python3",
      "broken": false,
      "derivation": "/nix/store/kq6j3m6kb9q7l30d4l3120r21583df6h-python3-3.13.9.drv",
      "description": "High-level dynamically-typed programming language",
      "install_id": "python3",
      "license": "Python-2.0",
      "locked_url": "https://github.com/flox/nixpkgs?rev=3e2499d5539c16d0d173ba53552a4ff8547f4539",
      "name": "python3-3.13.9",
      "pname": "python3",
      "rev": "3e2499d5539c16d0d173ba53552a4ff8547f4539",
      "rev_count": 916364,
      "rev_date": "2025-12-25T08:32:45Z",
      "scrape_date": "2025-12-26T03:52:08.947147Z",
      "stabilities": [
        "stable",
        "staging",
        "unstable"
      ],
      "unfree": false,
      "version": "3.13.9",
      "outputs_to_install": [
        "out",
        "out",
        "out",
        "out",
        "out",
        "out",
        "out",
        "out"
      ],
      "outputs": {
        "debug": "/nix/store/7x8mp12az19wzadrdhjvrp731m9m3lpb-python3-3.13.9-debug",
        "out": "/nix/store/3lll9y925zz9393sa59h653xik66srjb-python3-3.13.9"
      },
      "system": "x86_64-linux",
      "group": "toplevel",
      "priority": 5
    },
    {
      "attr_path": "ruff",
      "broken": false,
      "derivation": "/nix/store/cqy2as85922zs13mahzz32bx5kga17sf-ruff-0.14.9.drv",
      "description": "Extremely fast Python linter and code formatter",
      "install_id": "ruff",
      "license": "MIT",
      "locked_url": "https://github.com/flox/nixpkgs?rev=3e2499d5539c16d0d173ba53552a4ff8547f4539",
      "name": "ruff-0.14.9",
      "pname": "ruff",
      "rev": "3e2499d5539c16d0d173ba53552a4ff8547f4539",
      "rev_count": 916364,
      "rev_date": "2025-12-25T08:32:45Z",
      "scrape_date": "2025-12-26T03:04:02.569087Z",
      "stabilities": [
        "stable",
        "staging",
        "unstable"
      ],
      "unfree": false,
      "version": "0.14.9",
      "outputs_to_install": [
        "out"
      ],
      "outputs": {
        "out": "/nix/store/p1j6zkzdmdlj901zhwfw3kflxwxm67db-ruff-0.14.9"
      },
      "system": "aarch64-darwin",
      "group": "toplevel",
      "priority": 5
    },
    {
      "attr_path": "ruff",
      "broken": false,
      "derivation": "/nix/store/mhwr2hp1w1cqyncnlykk2d5d5184bhhf-ruff-0.14.9.drv",
      "description": "Extremely fast Python linter and code formatter",
      "install_id": "ruff",
      "license": "MIT",
      "locked_url": "https://github.com/flox/nixpkgs?rev=3e2499d5539c16d0d173ba53552a4ff8547f4539",
      "name": "ruff-0.14.9",
      "pname": "ruff",
      "rev": "3e2499d5539c16d0d173ba53552a4ff8547f4539",
      "rev_count": 916364,
      "rev_date": "2025-12-25T08:32:45Z",
      "scrape_date": "2025-12-26T03:20:49.728905Z",
      "stabilities": [
        "stable",
        "staging",
        "unstable"
      ],
      "unfree": false,
      "version": "0.14.9",
      "outputs_to_install": [
        "out"
      ],
      "outputs": {
        "out": "/nix/store/wrw39058hj7xilcbjw6mmx69mncbwx7l-ruff-0.14.9"
      },
      "system": "aarch64-linux",
      "group": "toplevel",
      "priority": 5
    },
    {
      "attr_path": "ruff",
      "broken": false,
      "derivation": "/nix/store/paxk8zx3zzk7m320xawmfzcs03w4n7db-ruff-0.14.9.drv",
      "description": "Extremely fast Python linter and code formatter",
      "install_id": "ruff",
      "license": "MIT",
      "locked_url": "https://github.com/flox/nixpkgs?rev=3e2499d5539c16d0d173ba53552a4ff8547f4539",
      "name": "ruff-0.14.9",
      "pname": "ruff",
      "rev": "3e2499d5539c16d0d173ba53552a4ff8547f4539",
      "rev_count": 916364,
      "rev_date": "2025-12-25T08:32:45Z",
      "scrape_date": "2025-12-26T03:36:22.665281Z",
      "stabilities": [
        "stable",
        "staging",
        "unstable"
      ],
      "unfree": false,
      "version": "0.14.9",
      "outputs_to_install": [
        "out"
      ],
      "outputs": {
        "out": "/nix/store/3hsnpcy107j0rj7ffvqpi1d0bib8rzhk-ruff-0.14.9"
      },
      "system": "x86_64-darwin",
      "group": "toplevel",
      "priority": 5
    },
    {
      "attr_path": "ruff",
      "broken": false,
      "derivation": "/nix/store/synlvddhbvcm4q8iwm9cf03za8s1rl4n-ruff-0.14.9.drv",
      "description": "Extremely fast Python linter and code formatter",
      "install_id": "ruff",
      "license": "MIT",
      "locked_url": "https://github.com/flox/nixpkgs?rev=3e2499d5539c16d0d173ba53552a4ff8547f4539",
      "name": "ruff-0.14.9",
      "pname": "ruff",
      "rev": "3e2499d5539c16d0d173ba53552a4ff8547f4539",
      "rev_count": 916364,
      "rev_date": "2025-12-25T08:32:45Z",
      "scrape_date": "2025-12-26T03:53:11.968802Z",
      "stabilities": [
        "stable",
        "staging",
        "unstable"
      ],
      "unfree": false,
      "version": "0.14.9",
      "outputs_to_install": [
        "out"
      ],
      "outputs": {
        "out": "/nix/store/7xva92dr1p9s81f0wsrvm3jmc5b5p4mw-ruff-0.14.9"
      },
      "system": "x86_64-linux",
      "group": "toplevel",
      "priority": 5
    },
    {
      "attr_path": "uv",
      "broken": false,
      "derivation": "/nix/store/vzbcajvfni9vhbhina2skp45fy3pwwrk-uv-0.9.18.drv",
      "description": "Extremely fast Python package installer and resolver, written in Rust",
      "install_id": "uv",
      "license": "[ Apache-2.0, MIT ]",
      "locked_url": "https://github.com/flox/nixpkgs?rev=3e2499d5539c16d0d173ba53552a4ff8547f4539",
      "name": "uv-0.9.18",
      "pname": "uv",
      "rev": "3e2499d5539c16d0d173ba53552a4ff8547f4539",
      "rev_count": 916364,
      "rev_date": "2025-12-25T08:32:45Z",
      "scrape_date": "2025-12-26T03:04:58.297502Z",
      "stabilities": [
        "stable",
        "staging",
        "unstable"
      ],
      "unfree": false,
      "version": "0.9.18",
      "outputs_to_install": [
        "out"
      ],
      "outputs": {
        "out": "/nix/store/8p7xc548qhrs4ns82bamyxnjm1h6w16s-uv-0.9.18"
      },
      "system": "aarch64-darwin",
      "group": "toplevel",
      "priority": 5
    },
    {
      "attr_path": "uv",
      "broken": false,
      "derivation": "/nix/store/1klplmzc7l63dmwijdyss2gpb13d1yw3-uv-0.9.18.drv",
      "description": "Extremely fast Python package installer and resolver, written in Rust",
      "install_id": "uv",
      "license": "[ Apache-2.0, MIT ]",
      "locked_url": "https://github.com/flox/nixpkgs?rev=3e2499d5539c16d0d173ba53552a4ff8547f4539",
      "name": "uv-0.9.18",
      "pname": "uv",
      "rev": "3e2499d5539c16d0d173ba53552a4ff8547f4539",
      "rev_count": 916364,
      "rev_date": "2025-12-25T08:32:45Z",
      "scrape_date": "2025-12-26T03:21:52.098485Z",
      "stabilities": [
        "stable",
        "staging",
        "unstable"
      ],
      "unfree": false,
      "version": "0.9.18",
      "outputs_to_install": [
        "out"
      ],
      "outputs": {
        "out": "/nix/store/s2r0d03va9llzxbvjwd2ncpmn3nysnp6-uv-0.9.18"
      },
      "system": "aarch64-linux",
      "group": "toplevel",
      "priority": 5
    },
    {
      "attr_path": "uv",
      "broken": false,
      "derivation": "/nix/store/5w42kihidwh42bw3qzj34ki0bsqbarlk-uv-0.9.18.drv",
      "description": "Extremely fast Python package installer and resolver, written in Rust",
      "install_id": "uv",
      "license": "[ Apache-2.0, MIT ]",
      "locked_url": "https://github.com/flox/nixpkgs?rev=3e2499d5539c16d0d173ba53552a4ff8547f4539",
      "name": "uv-0.9.18",
      "pname": "uv",
      "rev": "3e2499d5539c16d0d173ba53552a4ff8547f4539",
      "rev_count": 916364,
      "rev_date": "2025-12-25T08:32:45Z",
      "scrape_date": "2025-12-26T03:37:13.143719Z",
      "stabilities": [
        "stable",
        "staging",
        "unstable"
      ],
      "unfree": false,
      "version": "0.9.18",
      "outputs_to_install": [
        "out"
      ],
      "outputs": {
        "out": "/nix/store/wz27b8hmvng619crzsfcdh9vywdakxa3-uv-0.9.18"
      },
      "system": "x86_64-darwin",
      "group": "toplevel",
      "priority": 5
    },
    {
      "attr_path": "uv",
      "broken": false,
      "derivation": "/nix/store/iiip9s96zib2vx3kbasmbdfy9zpz0q57-uv-0.9.18.drv",
      "description": "Extremely fast Python package installer and resolver, written in Rust",
      "install_id": "uv",
      "license": "[ Apache-2.0, MIT ]",
      "locked_url": "https://github.com/flox/nixpkgs?rev=3e2499d5539c16d0d173ba53552a4ff8547f4539",
      "name": "uv-0.9.18",
      "pname": "uv",
      "rev": "3e2499d5539c16d0d173ba53552a4ff8547f4539",
      "rev_count": 916364,
      "rev_date": "2025-12-25T08:32:45Z",
      "scrape_date": "2025-12-26T03:54:16.997773Z",
      "stabilities": [
        "stable",
        "staging",
        "unstable"
      ],
      "unfree": false,
      "version": "0.9.18",
      "outputs_to_install": [
        "out",
        "out"
      ],
      "outputs": {
        "out": "/nix/store/hba3r60zyn9mcqp2s71qwv7rlkv3qskn-uv-0.9.18"
      },
      "system": "x86_64-linux",
      "group": "toplevel",
      "priority": 5
    }
  ]
}
