{
  "lockfile-version": 1,
  "manifest": {
    "schema-version": "1.13.0",
    "install": {
      "cargo": {
        "pkg-path": "cargo"
      },
      "cargo-audit": {
        "pkg-path": "cargo-audit"
      },
      "cargo-nextest": {
        "pkg-path": "cargo-nextest"
      },
      "clippy": {
        "pkg-path": "clippy"
      },
      "rust-analyzer": {
        "pkg-path": "rust-analyzer"
      },
      "rustc": {
        "pkg-path": "rustc"
      },
      "rustfmt": {
        "pkg-path": "rustfmt"
      },
      "taplo": {
        "pkg-path": "taplo"
      }
    },
    "hook": {},
    "profile": {},
    "options": {
      "systems": [
        "aarch64-darwin",
        "aarch64-linux",
        "x86_64-darwin",
        "x86_64-linux"
      ]
    }
  },
  "packages": [
    {
      "attr_path": "cargo",
      "broken": false,
      "derivation": "/nix/store/dl0dn79gzqkqk550kpak9pkgk6sdlc56-cargo-1.95.0.drv",
      "description": "Downloads your Rust project's dependencies and builds your project",
      "install_id": "cargo",
      "license": "[ MIT, Apache-2.0 ]",
      "locked_url": "https://github.com/flox/nixpkgs?rev=d407951447dcd00442e97087bf374aad70c04cea",
      "name": "cargo-1.95.0",
      "pname": "cargo",
      "rev": "d407951447dcd00442e97087bf374aad70c04cea",
      "rev_count": 1027867,
      "rev_date": "2026-07-05T04:06:12Z",
      "scrape_date": "2026-07-06T03:12:54.969229Z",
      "stabilities": [
        "unstable"
      ],
      "unfree": false,
      "version": "1.95.0",
      "outputs_to_install": [
        "out"
      ],
      "outputs": {
        "out": "/nix/store/6ks3pm4wf78b4nir9biqy99hbld903yp-cargo-1.95.0"
      },
      "system": "aarch64-darwin",
      "group": "toplevel",
      "priority": 5
    },
    {
      "attr_path": "cargo",
      "broken": false,
      "derivation": "/nix/store/i49w47kp6n3qbyx47ddbyv0a5lzlpkgc-cargo-1.95.0.drv",
      "description": "Downloads your Rust project's dependencies and builds your project",
      "install_id": "cargo",
      "license": "[ MIT, Apache-2.0 ]",
      "locked_url": "https://github.com/flox/nixpkgs?rev=d407951447dcd00442e97087bf374aad70c04cea",
      "name": "cargo-1.95.0",
      "pname": "cargo",
      "rev": "d407951447dcd00442e97087bf374aad70c04cea",
      "rev_count": 1027867,
      "rev_date": "2026-07-05T04:06:12Z",
      "scrape_date": "2026-07-06T03:41:21.547929Z",
      "stabilities": [
        "unstable"
      ],
      "unfree": false,
      "version": "1.95.0",
      "outputs_to_install": [
        "out"
      ],
      "outputs": {
        "out": "/nix/store/1pyc40aar7cymg1i1hvlrhnp3mcdva50-cargo-1.95.0"
      },
      "system": "aarch64-linux",
      "group": "toplevel",
      "priority": 5
    },
    {
      "attr_path": "cargo",
      "broken": false,
      "derivation": "/nix/store/ak37pwwiy0k67hzn1skggk2rw6nvg976-cargo-1.95.0.drv",
      "description": "Downloads your Rust project's dependencies and builds your project",
      "install_id": "cargo",
      "license": "[ MIT, Apache-2.0 ]",
      "locked_url": "https://github.com/flox/nixpkgs?rev=d407951447dcd00442e97087bf374aad70c04cea",
      "name": "cargo-1.95.0",
      "pname": "cargo",
      "rev": "d407951447dcd00442e97087bf374aad70c04cea",
      "rev_count": 1027867,
      "rev_date": "2026-07-05T04:06:12Z",
      "scrape_date": "2026-07-06T04:09:00.294203Z",
      "stabilities": [
        "unstable"
      ],
      "unfree": false,
      "version": "1.95.0",
      "outputs_to_install": [
        "out"
      ],
      "outputs": {
        "out": "/nix/store/k2kynrir5rszv6dnx4lm8h39pjmsxr4c-cargo-1.95.0"
      },
      "system": "x86_64-darwin",
      "group": "toplevel",
      "priority": 5
    },
    {
      "attr_path": "cargo",
      "broken": false,
      "derivation": "/nix/store/36gfn3aq76gz94brbxyfw35w3fsv570m-cargo-1.95.0.drv",
      "description": "Downloads your Rust project's dependencies and builds your project",
      "install_id": "cargo",
      "license": "[ MIT, Apache-2.0 ]",
      "locked_url": "https://github.com/flox/nixpkgs?rev=d407951447dcd00442e97087bf374aad70c04cea",
      "name": "cargo-1.95.0",
      "pname": "cargo",
      "rev": "d407951447dcd00442e97087bf374aad70c04cea",
      "rev_count": 1027867,
      "rev_date": "2026-07-05T04:06:12Z",
      "scrape_date": "2026-07-06T04:40:24.174359Z",
      "stabilities": [
        "unstable"
      ],
      "unfree": false,
      "version": "1.95.0",
      "outputs_to_install": [
        "out"
      ],
      "outputs": {
        "out": "/nix/store/6gcrqjdzbx71bavmmrqpl3hw1ljml7vi-cargo-1.95.0"
      },
      "system": "x86_64-linux",
      "group": "toplevel",
      "priority": 5
    },
    {
      "attr_path": "cargo-audit",
      "broken": false,
      "derivation": "/nix/store/c140bg1pgj60abx11kgyh2i0q9kpcyjv-cargo-audit-0.22.1.drv",
      "description": "Audit Cargo.lock files for crates with security vulnerabilities",
      "install_id": "cargo-audit",
      "license": "[ MIT, Apache-2.0 ]",
      "locked_url": "https://github.com/flox/nixpkgs?rev=d407951447dcd00442e97087bf374aad70c04cea",
      "name": "cargo-audit-0.22.1",
      "pname": "cargo-audit",
      "rev": "d407951447dcd00442e97087bf374aad70c04cea",
      "rev_count": 1027867,
      "rev_date": "2026-07-05T04:06:12Z",
      "scrape_date": "2026-07-06T03:12:54.970352Z",
      "stabilities": [
        "unstable"
      ],
      "unfree": false,
      "version": "0.22.1",
      "outputs_to_install": [
        "out"
      ],
      "outputs": {
        "out": "/nix/store/2vgxmgw6rr3vsq4qc9q5qcckz9pqi378-cargo-audit-0.22.1"
      },
      "system": "aarch64-darwin",
      "group": "toplevel",
      "priority": 5
    },
    {
      "attr_path": "cargo-audit",
      "broken": false,
      "derivation": "/nix/store/dvi05h1wqjqh3wm4v5qqckmvbrkzd2kk-cargo-audit-0.22.1.drv",
      "description": "Audit Cargo.lock files for crates with security vulnerabilities",
      "install_id": "cargo-audit",
      "license": "[ MIT, Apache-2.0 ]",
      "locked_url": "https://github.com/flox/nixpkgs?rev=d407951447dcd00442e97087bf374aad70c04cea",
      "name": "cargo-audit-0.22.1",
      "pname": "cargo-audit",
      "rev": "d407951447dcd00442e97087bf374aad70c04cea",
      "rev_count": 1027867,
      "rev_date": "2026-07-05T04:06:12Z",
      "scrape_date": "2026-07-06T03:41:21.549235Z",
      "stabilities": [
        "unstable"
      ],
      "unfree": false,
      "version": "0.22.1",
      "outputs_to_install": [
        "out"
      ],
      "outputs": {
        "out": "/nix/store/3mpw7276f3kbmml30v18q6rcrr67pyxy-cargo-audit-0.22.1"
      },
      "system": "aarch64-linux",
      "group": "toplevel",
      "priority": 5
    },
    {
      "attr_path": "cargo-audit",
      "broken": false,
      "derivation": "/nix/store/c823vqnmh791h13rn20v89ryy5yb5j8f-cargo-audit-0.22.1.drv",
      "description": "Audit Cargo.lock files for crates with security vulnerabilities",
      "install_id": "cargo-audit",
      "license": "[ MIT, Apache-2.0 ]",
      "locked_url": "https://github.com/flox/nixpkgs?rev=d407951447dcd00442e97087bf374aad70c04cea",
      "name": "cargo-audit-0.22.1",
      "pname": "cargo-audit",
      "rev": "d407951447dcd00442e97087bf374aad70c04cea",
      "rev_count": 1027867,
      "rev_date": "2026-07-05T04:06:12Z",
      "scrape_date": "2026-07-06T04:09:00.295938Z",
      "stabilities": [
        "unstable"
      ],
      "unfree": false,
      "version": "0.22.1",
      "outputs_to_install": [
        "out"
      ],
      "outputs": {
        "out": "/nix/store/zf76y0n0bj1in1rksidkwpiz9csb99rq-cargo-audit-0.22.1"
      },
      "system": "x86_64-darwin",
      "group": "toplevel",
      "priority": 5
    },
    {
      "attr_path": "cargo-audit",
      "broken": false,
      "derivation": "/nix/store/knp3fivvngvd9m4knc12gw3f33gc7j9v-cargo-audit-0.22.1.drv",
      "description": "Audit Cargo.lock files for crates with security vulnerabilities",
      "install_id": "cargo-audit",
      "license": "[ MIT, Apache-2.0 ]",
      "locked_url": "https://github.com/flox/nixpkgs?rev=d407951447dcd00442e97087bf374aad70c04cea",
      "name": "cargo-audit-0.22.1",
      "pname": "cargo-audit",
      "rev": "d407951447dcd00442e97087bf374aad70c04cea",
      "rev_count": 1027867,
      "rev_date": "2026-07-05T04:06:12Z",
      "scrape_date": "2026-07-06T04:40:24.175735Z",
      "stabilities": [
        "unstable"
      ],
      "unfree": false,
      "version": "0.22.1",
      "outputs_to_install": [
        "out"
      ],
      "outputs": {
        "out": "/nix/store/dy599qysnyx1nli4fygdgg1l1l4pdipb-cargo-audit-0.22.1"
      },
      "system": "x86_64-linux",
      "group": "toplevel",
      "priority": 5
    },
    {
      "attr_path": "cargo-nextest",
      "broken": false,
      "derivation": "/nix/store/dqxpy4zh1s24ydzbp54711g7x9i9nmla-cargo-nextest-0.9.138.drv",
      "description": "Next-generation test runner for Rust projects",
      "install_id": "cargo-nextest",
      "license": "[ MIT, Apache-2.0 ]",
      "locked_url": "https://github.com/flox/nixpkgs?rev=d407951447dcd00442e97087bf374aad70c04cea",
      "name": "cargo-nextest-0.9.138",
      "pname": "cargo-nextest",
      "rev": "d407951447dcd00442e97087bf374aad70c04cea",
      "rev_count": 1027867,
      "rev_date": "2026-07-05T04:06:12Z",
      "scrape_date": "2026-07-06T03:12:54.980774Z",
      "stabilities": [
        "unstable"
      ],
      "unfree": false,
      "version": "0.9.138",
      "outputs_to_install": [
        "out"
      ],
      "outputs": {
        "out": "/nix/store/4949wpymfypf8ihhds3q586kr83znbbj-cargo-nextest-0.9.138"
      },
      "system": "aarch64-darwin",
      "group": "toplevel",
      "priority": 5
    },
    {
      "attr_path": "cargo-nextest",
      "broken": false,
      "derivation": "/nix/store/j18kdwln5hmxbq760g2r82qf4sw3yir2-cargo-nextest-0.9.138.drv",
      "description": "Next-generation test runner for Rust projects",
      "install_id": "cargo-nextest",
      "license": "[ MIT, Apache-2.0 ]",
      "locked_url": "https://github.com/flox/nixpkgs?rev=d407951447dcd00442e97087bf374aad70c04cea",
      "name": "cargo-nextest-0.9.138",
      "pname": "cargo-nextest",
      "rev": "d407951447dcd00442e97087bf374aad70c04cea",
      "rev_count": 1027867,
      "rev_date": "2026-07-05T04:06:12Z",
      "scrape_date": "2026-07-06T03:41:21.560998Z",
      "stabilities": [
        "unstable"
      ],
      "unfree": false,
      "version": "0.9.138",
      "outputs_to_install": [
        "out"
      ],
      "outputs": {
        "out": "/nix/store/bhmxqrj370hhg4yjrwlrizisjs7b52jq-cargo-nextest-0.9.138"
      },
      "system": "aarch64-linux",
      "group": "toplevel",
      "priority": 5
    },
    {
      "attr_path": "cargo-nextest",
      "broken": false,
      "derivation": "/nix/store/7y17q8zd8w79qbkj5cd2wf6pllh7c9vx-cargo-nextest-0.9.138.drv",
      "description": "Next-generation test runner for Rust projects",
      "install_id": "cargo-nextest",
      "license": "[ MIT, Apache-2.0 ]",
      "locked_url": "https://github.com/flox/nixpkgs?rev=d407951447dcd00442e97087bf374aad70c04cea",
      "name": "cargo-nextest-0.9.138",
      "pname": "cargo-nextest",
      "rev": "d407951447dcd00442e97087bf374aad70c04cea",
      "rev_count": 1027867,
      "rev_date": "2026-07-05T04:06:12Z",
      "scrape_date": "2026-07-06T04:09:00.311776Z",
      "stabilities": [
        "unstable"
      ],
      "unfree": false,
      "version": "0.9.138",
      "outputs_to_install": [
        "out"
      ],
      "outputs": {
        "out": "/nix/store/2fvpaagxybbhdlysisc5kl6lr7wizqbl-cargo-nextest-0.9.138"
      },
      "system": "x86_64-darwin",
      "group": "toplevel",
      "priority": 5
    },
    {
      "attr_path": "cargo-nextest",
      "broken": false,
      "derivation": "/nix/store/3i53m50gp03z58d3gd8y6sbi9mr64khn-cargo-nextest-0.9.138.drv",
      "description": "Next-generation test runner for Rust projects",
      "install_id": "cargo-nextest",
      "license": "[ MIT, Apache-2.0 ]",
      "locked_url": "https://github.com/flox/nixpkgs?rev=d407951447dcd00442e97087bf374aad70c04cea",
      "name": "cargo-nextest-0.9.138",
      "pname": "cargo-nextest",
      "rev": "d407951447dcd00442e97087bf374aad70c04cea",
      "rev_count": 1027867,
      "rev_date": "2026-07-05T04:06:12Z",
      "scrape_date": "2026-07-06T04:40:24.188880Z",
      "stabilities": [
        "unstable"
      ],
      "unfree": false,
      "version": "0.9.138",
      "outputs_to_install": [
        "out"
      ],
      "outputs": {
        "out": "/nix/store/55x1djjyadbaa89qp4hh03irs7z9nazz-cargo-nextest-0.9.138"
      },
      "system": "x86_64-linux",
      "group": "toplevel",
      "priority": 5
    },
    {
      "attr_path": "clippy",
      "broken": false,
      "derivation": "/nix/store/cpk102k3rn5i5lvspq4z5pddfzgq84pb-clippy-1.95.0.drv",
      "description": "Bunch of lints to catch common mistakes and improve your Rust code",
      "install_id": "clippy",
      "license": "[ MIT, Apache-2.0 ]",
      "locked_url": "https://github.com/flox/nixpkgs?rev=d407951447dcd00442e97087bf374aad70c04cea",
      "name": "clippy-1.95.0",
      "pname": "clippy",
      "rev": "d407951447dcd00442e97087bf374aad70c04cea",
      "rev_count": 1027867,
      "rev_date": "2026-07-05T04:06:12Z",
      "scrape_date": "2026-07-06T03:12:55.161789Z",
      "stabilities": [
        "unstable"
      ],
      "unfree": false,
      "version": "1.95.0",
      "outputs_to_install": [
        "out"
      ],
      "outputs": {
        "out": "/nix/store/8wlwhav780qj9nrsd44f0pw63zwfmws1-clippy-1.95.0"
      },
      "system": "aarch64-darwin",
      "group": "toplevel",
      "priority": 5
    },
    {
      "attr_path": "clippy",
      "broken": false,
      "derivation": "/nix/store/vh5kcnccrdp9cqlf8xy1idskjy3iqwqs-clippy-1.95.0.drv",
      "description": "Bunch of lints to catch common mistakes and improve your Rust code",
      "install_id": "clippy",
      "license": "[ MIT, Apache-2.0 ]",
      "locked_url": "https://github.com/flox/nixpkgs?rev=d407951447dcd00442e97087bf374aad70c04cea",
      "name": "clippy-1.95.0",
      "pname": "clippy",
      "rev": "d407951447dcd00442e97087bf374aad70c04cea",
      "rev_count": 1027867,
      "rev_date": "2026-07-05T04:06:12Z",
      "scrape_date": "2026-07-06T03:41:21.794571Z",
      "stabilities": [
        "unstable"
      ],
      "unfree": false,
      "version": "1.95.0",
      "outputs_to_install": [
        "out"
      ],
      "outputs": {
        "debug": "/nix/store/mc47abhf1gy9s2yd6533n2q9m5d7hpvj-clippy-1.95.0-debug",
        "out": "/nix/store/g4kyy68i62jlirr5b77ib7ks29fzvkf7-clippy-1.95.0"
      },
      "system": "aarch64-linux",
      "group": "toplevel",
      "priority": 5
    },
    {
      "attr_path": "clippy",
      "broken": false,
      "derivation": "/nix/store/5m4n31kibssdr3fsch0kyfqr7q291pwj-clippy-1.95.0.drv",
      "description": "Bunch of lints to catch common mistakes and improve your Rust code",
      "install_id": "clippy",
      "license": "[ MIT, Apache-2.0 ]",
      "locked_url": "https://github.com/flox/nixpkgs?rev=d407951447dcd00442e97087bf374aad70c04cea",
      "name": "clippy-1.95.0",
      "pname": "clippy",
      "rev": "d407951447dcd00442e97087bf374aad70c04cea",
      "rev_count": 1027867,
      "rev_date": "2026-07-05T04:06:12Z",
      "scrape_date": "2026-07-06T04:09:00.531006Z",
      "stabilities": [
        "unstable"
      ],
      "unfree": false,
      "version": "1.95.0",
      "outputs_to_install": [
        "out"
      ],
      "outputs": {
        "out": "/nix/store/s871qfwqdcxv8kgv3x7g21wl2s1a6w63-clippy-1.95.0"
      },
      "system": "x86_64-darwin",
      "group": "toplevel",
      "priority": 5
    },
    {
      "attr_path": "clippy",
      "broken": false,
      "derivation": "/nix/store/gyzhc37y760azqsg0jvgr7bcqprgk7dg-clippy-1.95.0.drv",
      "description": "Bunch of lints to catch common mistakes and improve your Rust code",
      "install_id": "clippy",
      "license": "[ MIT, Apache-2.0 ]",
      "locked_url": "https://github.com/flox/nixpkgs?rev=d407951447dcd00442e97087bf374aad70c04cea",
      "name": "clippy-1.95.0",
      "pname": "clippy",
      "rev": "d407951447dcd00442e97087bf374aad70c04cea",
      "rev_count": 1027867,
      "rev_date": "2026-07-05T04:06:12Z",
      "scrape_date": "2026-07-06T04:40:24.439395Z",
      "stabilities": [
        "unstable"
      ],
      "unfree": false,
      "version": "1.95.0",
      "outputs_to_install": [
        "out"
      ],
      "outputs": {
        "debug": "/nix/store/ha0z0bxaxsi7bqnds3zny9sc15rhj06x-clippy-1.95.0-debug",
        "out": "/nix/store/b7n7djcbwb88vfsg7nc1pwj0s3qd7yp6-clippy-1.95.0"
      },
      "system": "x86_64-linux",
      "group": "toplevel",
      "priority": 5
    },
    {
      "attr_path": "rust-analyzer",
      "broken": false,
      "derivation": "/nix/store/fhb9rljvww83yw8sc669clqgnwamkn3f-rust-analyzer-2026-06-15.drv",
      "description": "Language server for the Rust language",
      "install_id": "rust-analyzer",
      "license": "[ MIT, Apache-2.0 ]",
      "locked_url": "https://github.com/flox/nixpkgs?rev=d407951447dcd00442e97087bf374aad70c04cea",
      "name": "rust-analyzer-2026-06-15",
      "pname": "rust-analyzer",
      "rev": "d407951447dcd00442e97087bf374aad70c04cea",
      "rev_count": 1027867,
      "rev_date": "2026-07-05T04:06:12Z",
      "scrape_date": "2026-07-06T03:14:34.069084Z",
      "stabilities": [
        "unstable"
      ],
      "unfree": false,
      "version": "2026-06-15",
      "outputs_to_install": [
        "out"
      ],
      "outputs": {
        "out": "/nix/store/wi1x6qp142mx6v8vy8czk31wc8j9nd7d-rust-analyzer-2026-06-15"
      },
      "system": "aarch64-darwin",
      "group": "toplevel",
      "priority": 5
    },
    {
      "attr_path": "rust-analyzer",
      "broken": false,
      "derivation": "/nix/store/nk7hadwicb5m26az4n52b6xf9vzff86q-rust-analyzer-2026-06-15.drv",
      "description": "Language server for the Rust language",
      "install_id": "rust-analyzer",
      "license": "[ MIT, Apache-2.0 ]",
      "locked_url": "https://github.com/flox/nixpkgs?rev=d407951447dcd00442e97087bf374aad70c04cea",
      "name": "rust-analyzer-2026-06-15",
      "pname": "rust-analyzer",
      "rev": "d407951447dcd00442e97087bf374aad70c04cea",
      "rev_count": 1027867,
      "rev_date": "2026-07-05T04:06:12Z",
      "scrape_date": "2026-07-06T03:43:31.222163Z",
      "stabilities": [
        "unstable"
      ],
      "unfree": false,
      "version": "2026-06-15",
      "outputs_to_install": [
        "out"
      ],
      "outputs": {
        "out": "/nix/store/kcifvc1ff3b329s8imxdv1xw27707vj4-rust-analyzer-2026-06-15"
      },
      "system": "aarch64-linux",
      "group": "toplevel",
      "priority": 5
    },
    {
      "attr_path": "rust-analyzer",
      "broken": false,
      "derivation": "/nix/store/p6kzkr8gnpb7nqh577sgp93h2v9d9a18-rust-analyzer-2026-06-15.drv",
      "description": "Language server for the Rust language",
      "install_id": "rust-analyzer",
      "license": "[ MIT, Apache-2.0 ]",
      "locked_url": "https://github.com/flox/nixpkgs?rev=d407951447dcd00442e97087bf374aad70c04cea",
      "name": "rust-analyzer-2026-06-15",
      "pname": "rust-analyzer",
      "rev": "d407951447dcd00442e97087bf374aad70c04cea",
      "rev_count": 1027867,
      "rev_date": "2026-07-05T04:06:12Z",
      "scrape_date": "2026-07-06T04:11:03.559382Z",
      "stabilities": [
        "unstable"
      ],
      "unfree": false,
      "version": "2026-06-15",
      "outputs_to_install": [
        "out"
      ],
      "outputs": {
        "out": "/nix/store/yif1payz0g0x4r9c1yphwhnyy5av0cyg-rust-analyzer-2026-06-15"
      },
      "system": "x86_64-darwin",
      "group": "toplevel",
      "priority": 5
    },
    {
      "attr_path": "rust-analyzer",
      "broken": false,
      "derivation": "/nix/store/ig23z7rqacvcvbjfjsg7kggin55an14j-rust-analyzer-2026-06-15.drv",
      "description": "Language server for the Rust language",
      "install_id": "rust-analyzer",
      "license": "[ MIT, Apache-2.0 ]",
      "locked_url": "https://github.com/flox/nixpkgs?rev=d407951447dcd00442e97087bf374aad70c04cea",
      "name": "rust-analyzer-2026-06-15",
      "pname": "rust-analyzer",
      "rev": "d407951447dcd00442e97087bf374aad70c04cea",
      "rev_count": 1027867,
      "rev_date": "2026-07-05T04:06:12Z",
      "scrape_date": "2026-07-06T04:42:43.432988Z",
      "stabilities": [
        "unstable"
      ],
      "unfree": false,
      "version": "2026-06-15",
      "outputs_to_install": [
        "out"
      ],
      "outputs": {
        "out": "/nix/store/01fkgf8bhdkncpi621mfcb51xbqqm5kz-rust-analyzer-2026-06-15"
      },
      "system": "x86_64-linux",
      "group": "toplevel",
      "priority": 5
    },
    {
      "attr_path": "rustc",
      "broken": false,
      "derivation": "/nix/store/v10k4iza9w5zj3m3xiassblw6jfzsna7-rustc-wrapper-1.95.0.drv",
      "description": "Safe, concurrent, practical language (wrapper script)",
      "install_id": "rustc",
      "license": "[ MIT, Apache-2.0 ]",
      "locked_url": "https://github.com/flox/nixpkgs?rev=d407951447dcd00442e97087bf374aad70c04cea",
      "name": "rustc-wrapper-1.95.0",
      "pname": "rustc",
      "rev": "d407951447dcd00442e97087bf374aad70c04cea",
      "rev_count": 1027867,
      "rev_date": "2026-07-05T04:06:12Z",
      "scrape_date": "2026-07-06T03:14:34.122597Z",
      "stabilities": [
        "unstable"
      ],
      "unfree": false,
      "version": "1.95.0",
      "outputs_to_install": [
        "man",
        "out"
      ],
      "outputs": {
        "doc": "/nix/store/bsm0vxrb2hd84g8vi0qwbl3d13dm3lps-rustc-wrapper-1.95.0-doc",
        "man": "/nix/store/j6bl3b3hx6admc3g17dyk1s376g2gpd6-rustc-wrapper-1.95.0-man",
        "out": "/nix/store/r2pi7zvrvcrbhqnc9yjd08qhi7d0l6p7-rustc-wrapper-1.95.0"
      },
      "system": "aarch64-darwin",
      "group": "toplevel",
      "priority": 5
    },
    {
      "attr_path": "rustc",
      "broken": false,
      "derivation": "/nix/store/bgcq6hw3zimwxaxk2mvifwj0wmh8msmz-rustc-wrapper-1.95.0.drv",
      "description": "Safe, concurrent, practical language (wrapper script)",
      "install_id": "rustc",
      "license": "[ MIT, Apache-2.0 ]",
      "locked_url": "https://github.com/flox/nixpkgs?rev=d407951447dcd00442e97087bf374aad70c04cea",
      "name": "rustc-wrapper-1.95.0",
      "pname": "rustc",
      "rev": "d407951447dcd00442e97087bf374aad70c04cea",
      "rev_count": 1027867,
      "rev_date": "2026-07-05T04:06:12Z",
      "scrape_date": "2026-07-06T03:43:31.282416Z",
      "stabilities": [
        "unstable"
      ],
      "unfree": false,
      "version": "1.95.0",
      "outputs_to_install": [
        "man",
        "out"
      ],
      "outputs": {
        "doc": "/nix/store/iamkk525c3q6ln5djq46kx5ddqga99iv-rustc-wrapper-1.95.0-doc",
        "man": "/nix/store/pgs6qa8w0q8xzhmw3wgwm07fjc9mwyhr-rustc-wrapper-1.95.0-man",
        "out": "/nix/store/00lwhlix1jqpy3k5m621qk0vaba3rwgj-rustc-wrapper-1.95.0"
      },
      "system": "aarch64-linux",
      "group": "toplevel",
      "priority": 5
    },
    {
      "attr_path": "rustc",
      "broken": false,
      "derivation": "/nix/store/7ynqn4zyyxw22zdvbancppzcaca045ci-rustc-wrapper-1.95.0.drv",
      "description": "Safe, concurrent, practical language (wrapper script)",
      "install_id": "rustc",
      "license": "[ MIT, Apache-2.0 ]",
      "locked_url": "https://github.com/flox/nixpkgs?rev=d407951447dcd00442e97087bf374aad70c04cea",
      "name": "rustc-wrapper-1.95.0",
      "pname": "rustc",
      "rev": "d407951447dcd00442e97087bf374aad70c04cea",
      "rev_count": 1027867,
      "rev_date": "2026-07-05T04:06:12Z",
      "scrape_date": "2026-07-06T04:11:03.623372Z",
      "stabilities": [
        "unstable"
      ],
      "unfree": false,
      "version": "1.95.0",
      "outputs_to_install": [
        "man",
        "out"
      ],
      "outputs": {
        "doc": "/nix/store/750razfy70xi1fh4c18cm1lxipx0mykk-rustc-wrapper-1.95.0-doc",
        "man": "/nix/store/jywgfsvf67p0ygi5q8dffq2kznrcfj6j-rustc-wrapper-1.95.0-man",
        "out": "/nix/store/x7c0r6485pgxf2zjf9afhxp584qpdziv-rustc-wrapper-1.95.0"
      },
      "system": "x86_64-darwin",
      "group": "toplevel",
      "priority": 5
    },
    {
      "attr_path": "rustc",
      "broken": false,
      "derivation": "/nix/store/6ag9phi7nq5kbdb6wyad3gg07ap6pjmr-rustc-wrapper-1.95.0.drv",
      "description": "Safe, concurrent, practical language (wrapper script)",
      "install_id": "rustc",
      "license": "[ MIT, Apache-2.0 ]",
      "locked_url": "https://github.com/flox/nixpkgs?rev=d407951447dcd00442e97087bf374aad70c04cea",
      "name": "rustc-wrapper-1.95.0",
      "pname": "rustc",
      "rev": "d407951447dcd00442e97087bf374aad70c04cea",
      "rev_count": 1027867,
      "rev_date": "2026-07-05T04:06:12Z",
      "scrape_date": "2026-07-06T04:42:43.500521Z",
      "stabilities": [
        "unstable"
      ],
      "unfree": false,
      "version": "1.95.0",
      "outputs_to_install": [
        "man",
        "out"
      ],
      "outputs": {
        "doc": "/nix/store/shjz14vp8z0368pyl3y1k9y25k033vdh-rustc-wrapper-1.95.0-doc",
        "man": "/nix/store/bdimrwi4i9p5wxqzms5s8gh0vjqig9gb-rustc-wrapper-1.95.0-man",
        "out": "/nix/store/qcpwgd3b95bxxylvb0na4hny75chrkzm-rustc-wrapper-1.95.0"
      },
      "system": "x86_64-linux",
      "group": "toplevel",
      "priority": 5
    },
    {
      "attr_path": "rustfmt",
      "broken": false,
      "derivation": "/nix/store/413r1n97kn892qm27c65kj2pbd5fb4sq-rustfmt-1.95.0.drv",
      "description": "Tool for formatting Rust code according to style guidelines",
      "install_id": "rustfmt",
      "license": "[ MIT, Apache-2.0 ]",
      "locked_url": "https://github.com/flox/nixpkgs?rev=d407951447dcd00442e97087bf374aad70c04cea",
      "name": "rustfmt-1.95.0",
      "pname": "rustfmt",
      "rev": "d407951447dcd00442e97087bf374aad70c04cea",
      "rev_count": 1027867,
      "rev_date": "2026-07-05T04:06:12Z",
      "scrape_date": "2026-07-06T03:14:34.149026Z",
      "stabilities": [
        "unstable"
      ],
      "unfree": false,
      "version": "1.95.0",
      "outputs_to_install": [
        "out"
      ],
      "outputs": {
        "out": "/nix/store/118jsdf94i0rgbmbwfbj91xybpgcgqaa-rustfmt-1.95.0"
      },
      "system": "aarch64-darwin",
      "group": "toplevel",
      "priority": 5
    },
    {
      "attr_path": "rustfmt",
      "broken": false,
      "derivation": "/nix/store/fln3py9f0nyv8ln9k2a7lrfc4f0jk2hk-rustfmt-1.95.0.drv",
      "description": "Tool for formatting Rust code according to style guidelines",
      "install_id": "rustfmt",
      "license": "[ MIT, Apache-2.0 ]",
      "locked_url": "https://github.com/flox/nixpkgs?rev=d407951447dcd00442e97087bf374aad70c04cea",
      "name": "rustfmt-1.95.0",
      "pname": "rustfmt",
      "rev": "d407951447dcd00442e97087bf374aad70c04cea",
      "rev_count": 1027867,
      "rev_date": "2026-07-05T04:06:12Z",
      "scrape_date": "2026-07-06T03:43:31.315134Z",
      "stabilities": [
        "unstable"
      ],
      "unfree": false,
      "version": "1.95.0",
      "outputs_to_install": [
        "out"
      ],
      "outputs": {
        "out": "/nix/store/r2fi72db9a0l2xclj18xq4isn3mrci4q-rustfmt-1.95.0"
      },
      "system": "aarch64-linux",
      "group": "toplevel",
      "priority": 5
    },
    {
      "attr_path": "rustfmt",
      "broken": false,
      "derivation": "/nix/store/3in2g3ibgbpqm11mm1kcbxa0yfp1g0bk-rustfmt-1.95.0.drv",
      "description": "Tool for formatting Rust code according to style guidelines",
      "install_id": "rustfmt",
      "license": "[ MIT, Apache-2.0 ]",
      "locked_url": "https://github.com/flox/nixpkgs?rev=d407951447dcd00442e97087bf374aad70c04cea",
      "name": "rustfmt-1.95.0",
      "pname": "rustfmt",
      "rev": "d407951447dcd00442e97087bf374aad70c04cea",
      "rev_count": 1027867,
      "rev_date": "2026-07-05T04:06:12Z",
      "scrape_date": "2026-07-06T04:11:03.653128Z",
      "stabilities": [
        "unstable"
      ],
      "unfree": false,
      "version": "1.95.0",
      "outputs_to_install": [
        "out"
      ],
      "outputs": {
        "out": "/nix/store/wqlcilh779m08xc8m0zm0fm1f4p8zw0a-rustfmt-1.95.0"
      },
      "system": "x86_64-darwin",
      "group": "toplevel",
      "priority": 5
    },
    {
      "attr_path": "rustfmt",
      "broken": false,
      "derivation": "/nix/store/n5y626lz2qvx1i5r95jxxmsgf7ijf181-rustfmt-1.95.0.drv",
      "description": "Tool for formatting Rust code according to style guidelines",
      "install_id": "rustfmt",
      "license": "[ MIT, Apache-2.0 ]",
      "locked_url": "https://github.com/flox/nixpkgs?rev=d407951447dcd00442e97087bf374aad70c04cea",
      "name": "rustfmt-1.95.0",
      "pname": "rustfmt",
      "rev": "d407951447dcd00442e97087bf374aad70c04cea",
      "rev_count": 1027867,
      "rev_date": "2026-07-05T04:06:12Z",
      "scrape_date": "2026-07-06T04:42:43.536550Z",
      "stabilities": [
        "unstable"
      ],
      "unfree": false,
      "version": "1.95.0",
      "outputs_to_install": [
        "out"
      ],
      "outputs": {
        "out": "/nix/store/ywjbx0pbnabhbscywxkmyrmwp0m2086q-rustfmt-1.95.0"
      },
      "system": "x86_64-linux",
      "group": "toplevel",
      "priority": 5
    },
    {
      "attr_path": "taplo",
      "broken": false,
      "derivation": "/nix/store/5f5xh9nl4c5czvwqizicm9z9wrdy72p9-taplo-0.10.0.drv",
      "description": "TOML toolkit written in Rust",
      "install_id": "taplo",
      "license": "MIT",
      "locked_url": "https://github.com/flox/nixpkgs?rev=d407951447dcd00442e97087bf374aad70c04cea",
      "name": "taplo-0.10.0",
      "pname": "taplo",
      "rev": "d407951447dcd00442e97087bf374aad70c04cea",
      "rev_count": 1027867,
      "rev_date": "2026-07-05T04:06:12Z",
      "scrape_date": "2026-07-06T03:14:53.780776Z",
      "stabilities": [
        "unstable"
      ],
      "unfree": false,
      "version": "0.10.0",
      "outputs_to_install": [
        "out"
      ],
      "outputs": {
        "out": "/nix/store/6c87403y265f4hkrf5n4qzvxg4ijhv3s-taplo-0.10.0"
      },
      "system": "aarch64-darwin",
      "group": "toplevel",
      "priority": 5
    },
    {
      "attr_path": "taplo",
      "broken": false,
      "derivation": "/nix/store/dg9vz6yw7hdm3b6br9alyx4rsbpgpc4d-taplo-0.10.0.drv",
      "description": "TOML toolkit written in Rust",
      "install_id": "taplo",
      "license": "MIT",
      "locked_url": "https://github.com/flox/nixpkgs?rev=d407951447dcd00442e97087bf374aad70c04cea",
      "name": "taplo-0.10.0",
      "pname": "taplo",
      "rev": "d407951447dcd00442e97087bf374aad70c04cea",
      "rev_count": 1027867,
      "rev_date": "2026-07-05T04:06:12Z",
      "scrape_date": "2026-07-06T03:43:54.338548Z",
      "stabilities": [
        "unstable"
      ],
      "unfree": false,
      "version": "0.10.0",
      "outputs_to_install": [
        "out"
      ],
      "outputs": {
        "out": "/nix/store/kqjd9niqps3rpg194rhpvifscryy0gkl-taplo-0.10.0"
      },
      "system": "aarch64-linux",
      "group": "toplevel",
      "priority": 5
    },
    {
      "attr_path": "taplo",
      "broken": false,
      "derivation": "/nix/store/72w7wafcnjmnaxk9dicmb2cx7amn0813-taplo-0.10.0.drv",
      "description": "TOML toolkit written in Rust",
      "install_id": "taplo",
      "license": "MIT",
      "locked_url": "https://github.com/flox/nixpkgs?rev=d407951447dcd00442e97087bf374aad70c04cea",
      "name": "taplo-0.10.0",
      "pname": "taplo",
      "rev": "d407951447dcd00442e97087bf374aad70c04cea",
      "rev_count": 1027867,
      "rev_date": "2026-07-05T04:06:12Z",
      "scrape_date": "2026-07-06T04:11:27.664265Z",
      "stabilities": [
        "unstable"
      ],
      "unfree": false,
      "version": "0.10.0",
      "outputs_to_install": [
        "out"
      ],
      "outputs": {
        "out": "/nix/store/v9acccjk7yxs9404lf5j0zafl007314q-taplo-0.10.0"
      },
      "system": "x86_64-darwin",
      "group": "toplevel",
      "priority": 5
    },
    {
      "attr_path": "taplo",
      "broken": false,
      "derivation": "/nix/store/y8m1b1b7d7ym260zb3pzl9nbvp3aqahr-taplo-0.10.0.drv",
      "description": "TOML toolkit written in Rust",
      "install_id": "taplo",
      "license": "MIT",
      "locked_url": "https://github.com/flox/nixpkgs?rev=d407951447dcd00442e97087bf374aad70c04cea",
      "name": "taplo-0.10.0",
      "pname": "taplo",
      "rev": "d407951447dcd00442e97087bf374aad70c04cea",
      "rev_count": 1027867,
      "rev_date": "2026-07-05T04:06:12Z",
      "scrape_date": "2026-07-06T04:43:10.895178Z",
      "stabilities": [
        "unstable"
      ],
      "unfree": false,
      "version": "0.10.0",
      "outputs_to_install": [
        "out"
      ],
      "outputs": {
        "out": "/nix/store/8azrdz2apl5l09cllz9micvgn7v329ff-taplo-0.10.0"
      },
      "system": "x86_64-linux",
      "group": "toplevel",
      "priority": 5
    }
  ]
}
